{
  "version": 4,
  "terraform_version": "1.15.6",
  "serial": 169,
  "lineage": "1ca2f210-194b-ba7b-f15f-9129267755bf",
  "outputs": {
    "alb_dns_name": {
      "value": "dev-app-alb-717150318.us-east-1.elb.amazonaws.com",
      "type": "string"
    },
    "alb_security_group_id": {
      "value": "sg-0086ef7c02a1e2908",
      "type": "string"
    },
    "app_bucket_name": {
      "value": "dev-cloud-solution-165756947575-us-east-1",
      "type": "string"
    },
    "ec2_instance_profile_name": {
      "value": "dev-ec2-instance-profile",
      "type": "string"
    },
    "ec2_security_group_id": {
      "value": "sg-087b6d12a9919d699",
      "type": "string"
    },
    "ecr_repository_url": {
      "value": "165756947575.dkr.ecr.us-east-1.amazonaws.com/dev-app",
      "type": "string"
    },
    "ecs_autoscaling_group_name": {
      "value": "dev-ecs-asg",
      "type": "string"
    },
    "ecs_cluster_name": {
      "value": "dev-cluster",
      "type": "string"
    },
    "ecs_launch_template_name": {
      "value": "dev-ecs-20260625121008122900000004",
      "type": "string"
    },
    "ecs_service_name": {
      "value": "dev-app",
      "type": "string"
    },
    "private_subnet_ids": {
      "value": [
        "subnet-00d4b79410bc89912",
        "subnet-05620dcac18e0b05c"
      ],
      "type": [
        "tuple",
        [
          "string",
          "string"
        ]
      ]
    },
    "public_subnet_ids": {
      "value": [
        "subnet-0a4c802cc66ce1c1a",
        "subnet-09160b6f9fece5a2f"
      ],
      "type": [
        "tuple",
        [
          "string",
          "string"
        ]
      ]
    },
    "rds_address": {
      "value": "dev-postgres.c6piwgwksyms.us-east-1.rds.amazonaws.com",
      "type": "string"
    },
    "rds_endpoint": {
      "value": "dev-postgres.c6piwgwksyms.us-east-1.rds.amazonaws.com:5432",
      "type": "string"
    },
    "rds_port": {
      "value": 5432,
      "type": "number"
    },
    "rds_secret_arn": {
      "value": "arn:aws:secretsmanager:us-east-1:165756947575:secret:dev-db-credentials-20260625122838196600000001-0HyuFg",
      "type": "string"
    },
    "rds_security_group_id": {
      "value": "sg-05b0feac8ccbffc4c",
      "type": "string"
    },
    "vpc_id": {
      "value": "vpc-0b028ac31238cc2e8",
      "type": "string"
    }
  },
  "resources": [
    {
      "mode": "data",
      "type": "aws_caller_identity",
      "name": "current",
      "provider": "provider[\"registry.terraform.io/hashicorp/aws\"]",
      "instances": [
        {
          "schema_version": 0,
          "attributes": {
            "account_id": "165756947575",
            "arn": "arn:aws:iam::165756947575:user/Team_Alpha",
            "id": "165756947575",
            "user_id": "AIDASNF7CJR3U52KIRW43"
          },
          "sensitive_attributes": [],
          "identity_schema_version": 0
        }
      ]
    },
    {
      "mode": "data",
      "type": "aws_iam_policy_document",
      "name": "app_task_policy_doc",
      "provider": "provider[\"registry.terraform.io/hashicorp/aws\"]",
      "instances": [
        {
          "schema_version": 0,
          "attributes": {
            "id": "4143367112",
            "json": "{\n  \"Version\": \"2012-10-17\",\n  \"Statement\": [\n    {\n      \"Effect\": \"Allow\",\n      \"Action\": [\n        \"s3:PutObject\",\n        \"s3:ListBucket\",\n        \"s3:GetObject\"\n      ],\n      \"Resource\": [\n        \"arn:aws:s3:::dev-cloud-solution-165756947575-us-east-1/*\",\n        \"arn:aws:s3:::dev-cloud-solution-165756947575-us-east-1\"\n      ]\n    }\n  ]\n}",
            "minified_json": "{\"Version\":\"2012-10-17\",\"Statement\":[{\"Effect\":\"Allow\",\"Action\":[\"s3:PutObject\",\"s3:ListBucket\",\"s3:GetObject\"],\"Resource\":[\"arn:aws:s3:::dev-cloud-solution-165756947575-us-east-1/*\",\"arn:aws:s3:::dev-cloud-solution-165756947575-us-east-1\"]}]}",
            "override_json": null,
            "override_policy_documents": null,
            "policy_id": null,
            "source_json": null,
            "source_policy_documents": null,
            "statement": [
              {
                "actions": [
                  "s3:GetObject",
                  "s3:ListBucket",
                  "s3:PutObject"
                ],
                "condition": [],
                "effect": "Allow",
                "not_actions": [],
                "not_principals": [],
                "not_resources": [],
                "principals": [],
                "resources": [
                  "arn:aws:s3:::dev-cloud-solution-165756947575-us-east-1",
                  "arn:aws:s3:::dev-cloud-solution-165756947575-us-east-1/*"
                ],
                "sid": ""
              }
            ],
            "version": "2012-10-17"
          },
          "sensitive_attributes": [],
          "identity_schema_version": 0
        }
      ]
    },
    {
      "mode": "data",
      "type": "aws_iam_policy_document",
      "name": "ec2_assume_role",
      "provider": "provider[\"registry.terraform.io/hashicorp/aws\"]",
      "instances": [
        {
          "schema_version": 0,
          "attributes": {
            "id": "2851119427",
            "json": "{\n  \"Version\": \"2012-10-17\",\n  \"Statement\": [\n    {\n      \"Effect\": \"Allow\",\n      \"Action\": \"sts:AssumeRole\",\n      \"Principal\": {\n        \"Service\": \"ec2.amazonaws.com\"\n      }\n    }\n  ]\n}",
            "minified_json": "{\"Version\":\"2012-10-17\",\"Statement\":[{\"Effect\":\"Allow\",\"Action\":\"sts:AssumeRole\",\"Principal\":{\"Service\":\"ec2.amazonaws.com\"}}]}",
            "override_json": null,
            "override_policy_documents": null,
            "policy_id": null,
            "source_json": null,
            "source_policy_documents": null,
            "statement": [
              {
                "actions": [
                  "sts:AssumeRole"
                ],
                "condition": [],
                "effect": "Allow",
                "not_actions": [],
                "not_principals": [],
                "not_resources": [],
                "principals": [
                  {
                    "identifiers": [
                      "ec2.amazonaws.com"
                    ],
                    "type": "Service"
                  }
                ],
                "resources": [],
                "sid": ""
              }
            ],
            "version": "2012-10-17"
          },
          "sensitive_attributes": [],
          "identity_schema_version": 0
        }
      ]
    },
    {
      "mode": "data",
      "type": "aws_iam_policy_document",
      "name": "ec2_policy_doc",
      "provider": "provider[\"registry.terraform.io/hashicorp/aws\"]",
      "instances": [
        {
          "schema_version": 0,
          "attributes": {
            "id": "3174884174",
            "json": "{\n  \"Version\": \"2012-10-17\",\n  \"Statement\": [\n    {\n      \"Effect\": \"Allow\",\n      \"Action\": [\n        \"s3:PutObject\",\n        \"s3:ListBucket\",\n        \"s3:GetObject\"\n      ],\n      \"Resource\": [\n        \"arn:aws:s3:::*/*\",\n        \"arn:aws:s3:::*\"\n      ]\n    },\n    {\n      \"Effect\": \"Allow\",\n      \"Action\": [\n        \"logs:PutLogEvents\",\n        \"logs:DescribeLogStreams\",\n        \"logs:DescribeLogGroups\",\n        \"logs:CreateLogStream\",\n        \"logs:CreateLogGroup\",\n        \"cloudwatch:PutMetricData\"\n      ],\n      \"Resource\": \"*\"\n    }\n  ]\n}",
            "minified_json": "{\"Version\":\"2012-10-17\",\"Statement\":[{\"Effect\":\"Allow\",\"Action\":[\"s3:PutObject\",\"s3:ListBucket\",\"s3:GetObject\"],\"Resource\":[\"arn:aws:s3:::*/*\",\"arn:aws:s3:::*\"]},{\"Effect\":\"Allow\",\"Action\":[\"logs:PutLogEvents\",\"logs:DescribeLogStreams\",\"logs:DescribeLogGroups\",\"logs:CreateLogStream\",\"logs:CreateLogGroup\",\"cloudwatch:PutMetricData\"],\"Resource\":\"*\"}]}",
            "override_json": null,
            "override_policy_documents": null,
            "policy_id": null,
            "source_json": null,
            "source_policy_documents": null,
            "statement": [
              {
                "actions": [
                  "s3:GetObject",
                  "s3:ListBucket",
                  "s3:PutObject"
                ],
                "condition": [],
                "effect": "Allow",
                "not_actions": [],
                "not_principals": [],
                "not_resources": [],
                "principals": [],
                "resources": [
                  "arn:aws:s3:::*",
                  "arn:aws:s3:::*/*"
                ],
                "sid": ""
              },
              {
                "actions": [
                  "cloudwatch:PutMetricData",
                  "logs:CreateLogGroup",
                  "logs:CreateLogStream",
                  "logs:DescribeLogGroups",
                  "logs:DescribeLogStreams",
                  "logs:PutLogEvents"
                ],
                "condition": [],
                "effect": "Allow",
                "not_actions": [],
                "not_principals": [],
                "not_resources": [],
                "principals": [],
                "resources": [
                  "*"
                ],
                "sid": ""
              }
            ],
            "version": "2012-10-17"
          },
          "sensitive_attributes": [],
          "identity_schema_version": 0
        }
      ]
    },
    {
      "mode": "data",
      "type": "aws_iam_policy_document",
      "name": "ecs_execution_secrets_policy_doc",
      "provider": "provider[\"registry.terraform.io/hashicorp/aws\"]",
      "instances": [
        {
          "schema_version": 0,
          "attributes": {
            "id": "2090657603",
            "json": "{\n  \"Version\": \"2012-10-17\",\n  \"Statement\": [\n    {\n      \"Effect\": \"Allow\",\n      \"Action\": [\n        \"secretsmanager:GetSecretValue\",\n        \"secretsmanager:DescribeSecret\"\n      ],\n      \"Resource\": \"arn:aws:secretsmanager:us-east-1:165756947575:secret:dev-db-credentials-20260625122838196600000001-0HyuFg\"\n    }\n  ]\n}",
            "minified_json": "{\"Version\":\"2012-10-17\",\"Statement\":[{\"Effect\":\"Allow\",\"Action\":[\"secretsmanager:GetSecretValue\",\"secretsmanager:DescribeSecret\"],\"Resource\":\"arn:aws:secretsmanager:us-east-1:165756947575:secret:dev-db-credentials-20260625122838196600000001-0HyuFg\"}]}",
            "override_json": null,
            "override_policy_documents": null,
            "policy_id": null,
            "source_json": null,
            "source_policy_documents": null,
            "statement": [
              {
                "actions": [
                  "secretsmanager:DescribeSecret",
                  "secretsmanager:GetSecretValue"
                ],
                "condition": [],
                "effect": "Allow",
                "not_actions": [],
                "not_principals": [],
                "not_resources": [],
                "principals": [],
                "resources": [
                  "arn:aws:secretsmanager:us-east-1:165756947575:secret:dev-db-credentials-20260625122838196600000001-0HyuFg"
                ],
                "sid": ""
              }
            ],
            "version": "2012-10-17"
          },
          "sensitive_attributes": [],
          "identity_schema_version": 0
        }
      ]
    },
    {
      "mode": "data",
      "type": "aws_iam_policy_document",
      "name": "ecs_task_assume_role",
      "provider": "provider[\"registry.terraform.io/hashicorp/aws\"]",
      "instances": [
        {
          "schema_version": 0,
          "attributes": {
            "id": "1077804475",
            "json": "{\n  \"Version\": \"2012-10-17\",\n  \"Statement\": [\n    {\n      \"Effect\": \"Allow\",\n      \"Action\": \"sts:AssumeRole\",\n      \"Principal\": {\n        \"Service\": \"ecs-tasks.amazonaws.com\"\n      }\n    }\n  ]\n}",
            "minified_json": "{\"Version\":\"2012-10-17\",\"Statement\":[{\"Effect\":\"Allow\",\"Action\":\"sts:AssumeRole\",\"Principal\":{\"Service\":\"ecs-tasks.amazonaws.com\"}}]}",
            "override_json": null,
            "override_policy_documents": null,
            "policy_id": null,
            "source_json": null,
            "source_policy_documents": null,
            "statement": [
              {
                "actions": [
                  "sts:AssumeRole"
                ],
                "condition": [],
                "effect": "Allow",
                "not_actions": [],
                "not_principals": [],
                "not_resources": [],
                "principals": [
                  {
                    "identifiers": [
                      "ecs-tasks.amazonaws.com"
                    ],
                    "type": "Service"
                  }
                ],
                "resources": [],
                "sid": ""
              }
            ],
            "version": "2012-10-17"
          },
          "sensitive_attributes": [],
          "identity_schema_version": 0
        }
      ]
    },
    {
      "mode": "data",
      "type": "aws_ssm_parameter",
      "name": "ecs_optimized_ami",
      "provider": "provider[\"registry.terraform.io/hashicorp/aws\"]",
      "instances": [
        {
          "schema_version": 0,
          "attributes": {
            "arn": "arn:aws:ssm:us-east-1::parameter/aws/service/ecs/optimized-ami/amazon-linux-2/recommended/image_id",
            "id": "/aws/service/ecs/optimized-ami/amazon-linux-2/recommended/image_id",
            "insecure_value": "ami-08ee07a46af53f368",
            "name": "/aws/service/ecs/optimized-ami/amazon-linux-2/recommended/image_id",
            "region": "us-east-1",
            "type": "String",
            "value": "ami-08ee07a46af53f368",
            "version": 247,
            "with_decryption": true
          },
          "sensitive_attributes": [
            [
              {
                "type": "get_attr",
                "value": "value"
              }
            ]
          ],
          "identity_schema_version": 0
        }
      ]
    },
    {
      "mode": "managed",
      "type": "aws_autoscaling_group",
      "name": "ecs",
      "provider": "provider[\"registry.terraform.io/hashicorp/aws\"]",
      "instances": [
        {
          "schema_version": 1,
          "attributes": {
            "arn": "arn:aws:autoscaling:us-east-1:165756947575:autoScalingGroup:5b8c649a-eb7c-44c5-bdde-c3ffc8ed2433:autoScalingGroupName/dev-ecs-asg",
            "availability_zone_distribution": [
              {
                "capacity_distribution_strategy": "balanced-best-effort"
              }
            ],
            "availability_zones": [
              "us-east-1a",
              "us-east-1b"
            ],
            "capacity_rebalance": false,
            "capacity_reservation_specification": [
              {
                "capacity_reservation_preference": "default",
                "capacity_reservation_target": []
              }
            ],
            "context": "",
            "default_cooldown": 300,
            "default_instance_warmup": 0,
            "desired_capacity": 2,
            "desired_capacity_type": "",
            "enabled_metrics": [],
            "force_delete": false,
            "force_delete_warm_pool": false,
            "health_check_grace_period": 300,
            "health_check_type": "EC2",
            "id": "dev-ecs-asg",
            "ignore_failed_scaling_activities": false,
            "initial_lifecycle_hook": [],
            "instance_maintenance_policy": [],
            "instance_refresh": [],
            "launch_configuration": "",
            "launch_template": [
              {
                "id": "lt-0df8a3de5075bfb57",
                "name": "dev-ecs-20260625121008122900000004",
                "version": "$Latest"
              }
            ],
            "load_balancers": [],
            "max_instance_lifetime": 0,
            "max_size": 4,
            "metrics_granularity": "1Minute",
            "min_elb_capacity": null,
            "min_size": 2,
            "mixed_instances_policy": [],
            "name": "dev-ecs-asg",
            "name_prefix": "",
            "placement_group": "",
            "predicted_capacity": 0,
            "protect_from_scale_in": false,
            "region": "us-east-1",
            "service_linked_role_arn": "arn:aws:iam::165756947575:role/aws-service-role/autoscaling.amazonaws.com/AWSServiceRoleForAutoScaling",
            "suspended_processes": [],
            "tag": [
              {
                "key": "Name",
                "propagate_at_launch": true,
                "value": "dev-ecs-node"
              }
            ],
            "target_group_arns": [],
            "termination_policies": [],
            "timeouts": null,
            "traffic_source": [],
            "vpc_zone_identifier": [
              "subnet-00d4b79410bc89912",
              "subnet-05620dcac18e0b05c"
            ],
            "wait_for_capacity_timeout": "10m",
            "wait_for_elb_capacity": null,
            "warm_pool": [],
            "warm_pool_size": 0
          },
          "sensitive_attributes": [],
          "identity_schema_version": 0,
          "identity": {
            "account_id": "165756947575",
            "name": "dev-ecs-asg",
            "region": "us-east-1"
          },
          "private": "eyJlMmJmYjczMC1lY2FhLTExZTYtOGY4OC0zNDM2M2JjN2M0YzAiOnsiZGVsZXRlIjo2MDAwMDAwMDAwMDAsInVwZGF0ZSI6NjAwMDAwMDAwMDAwfSwic2NoZW1hX3ZlcnNpb24iOiIxIn0=",
          "dependencies": [
            "aws_ecs_cluster.app",
            "aws_iam_instance_profile.ec2_profile",
            "aws_iam_role.ec2_role",
            "aws_launch_template.ecs",
            "aws_security_group.alb",
            "aws_security_group.ec2",
            "data.aws_iam_policy_document.ec2_assume_role",
            "data.aws_ssm_parameter.ecs_optimized_ami",
            "module.vpc.aws_subnet.private",
            "module.vpc.aws_vpc.this"
          ]
        }
      ]
    },
    {
      "mode": "managed",
      "type": "aws_cloudwatch_log_group",
      "name": "app",
      "provider": "provider[\"registry.terraform.io/hashicorp/aws\"]",
      "instances": [
        {
          "schema_version": 0,
          "attributes": {
            "arn": "arn:aws:logs:us-east-1:165756947575:log-group:/ecs/dev-app",
            "deletion_protection_enabled": false,
            "id": "/ecs/dev-app",
            "kms_key_id": "",
            "log_group_class": "STANDARD",
            "name": "/ecs/dev-app",
            "name_prefix": "",
            "region": "us-east-1",
            "retention_in_days": 14,
            "skip_destroy": false,
            "tags": {},
            "tags_all": {}
          },
          "sensitive_attributes": [],
          "identity_schema_version": 0,
          "identity": {
            "account_id": "165756947575",
            "name": "/ecs/dev-app",
            "region": "us-east-1"
          },
          "private": "bnVsbA=="
        }
      ]
    },
    {
      "mode": "managed",
      "type": "aws_ecr_lifecycle_policy",
      "name": "app",
      "provider": "provider[\"registry.terraform.io/hashicorp/aws\"]",
      "instances": [
        {
          "schema_version": 0,
          "attributes": {
            "id": "dev-app",
            "policy": "{\"rules\":[{\"action\":{\"type\":\"expire\"},\"description\":\"Keep the last 10 images\",\"rulePriority\":1,\"selection\":{\"countNumber\":10,\"countType\":\"imageCountMoreThan\",\"tagStatus\":\"any\"}}]}",
            "region": "us-east-1",
            "registry_id": "165756947575",
            "repository": "dev-app"
          },
          "sensitive_attributes": [],
          "identity_schema_version": 0,
          "identity": {
            "account_id": "165756947575",
            "region": "us-east-1",
            "repository": "dev-app"
          },
          "private": "bnVsbA==",
          "dependencies": [
            "aws_ecr_repository.app"
          ]
        }
      ]
    },
    {
      "mode": "managed",
      "type": "aws_ecr_repository",
      "name": "app",
      "provider": "provider[\"registry.terraform.io/hashicorp/aws\"]",
      "instances": [
        {
          "schema_version": 0,
          "attributes": {
            "arn": "arn:aws:ecr:us-east-1:165756947575:repository/dev-app",
            "encryption_configuration": [
              {
                "encryption_type": "AES256",
                "kms_key": ""
              }
            ],
            "force_delete": null,
            "id": "dev-app",
            "image_scanning_configuration": [
              {
                "scan_on_push": true
              }
            ],
            "image_tag_mutability": "MUTABLE",
            "image_tag_mutability_exclusion_filter": [],
            "name": "dev-app",
            "region": "us-east-1",
            "registry_id": "165756947575",
            "repository_url": "165756947575.dkr.ecr.us-east-1.amazonaws.com/dev-app",
            "tags": {},
            "tags_all": {},
            "timeouts": null
          },
          "sensitive_attributes": [],
          "identity_schema_version": 0,
          "identity": {
            "account_id": "165756947575",
            "name": "dev-app",
            "region": "us-east-1"
          },
          "private": "eyJlMmJmYjczMC1lY2FhLTExZTYtOGY4OC0zNDM2M2JjN2M0YzAiOnsiZGVsZXRlIjoxMjAwMDAwMDAwMDAwfX0="
        }
      ]
    },
    {
      "mode": "managed",
      "type": "aws_ecs_cluster",
      "name": "app",
      "provider": "provider[\"registry.terraform.io/hashicorp/aws\"]",
      "instances": [
        {
          "schema_version": 0,
          "attributes": {
            "arn": "arn:aws:ecs:us-east-1:165756947575:cluster/dev-cluster",
            "configuration": [],
            "id": "arn:aws:ecs:us-east-1:165756947575:cluster/dev-cluster",
            "name": "dev-cluster",
            "region": "us-east-1",
            "service_connect_defaults": [],
            "setting": [
              {
                "name": "containerInsights",
                "value": "disabled"
              }
            ],
            "tags": {},
            "tags_all": {}
          },
          "sensitive_attributes": [],
          "identity_schema_version": 0,
          "private": "bnVsbA=="
        }
      ]
    },
    {
      "mode": "managed",
      "type": "aws_ecs_service",
      "name": "app",
      "provider": "provider[\"registry.terraform.io/hashicorp/aws\"]",
      "instances": [
        {
          "schema_version": 1,
          "attributes": {
            "alarms": [],
            "arn": "arn:aws:ecs:us-east-1:165756947575:service/dev-cluster/dev-app",
            "availability_zone_rebalancing": "ENABLED",
            "capacity_provider_strategy": [],
            "cluster": "arn:aws:ecs:us-east-1:165756947575:cluster/dev-cluster",
            "deployment_circuit_breaker": [
              {
                "enable": false,
                "rollback": false
              }
            ],
            "deployment_configuration": [
              {
                "bake_time_in_minutes": "0",
                "canary_configuration": [],
                "lifecycle_hook": [],
                "linear_configuration": [],
                "strategy": "ROLLING"
              }
            ],
            "deployment_controller": [
              {
                "type": "ECS"
              }
            ],
            "deployment_maximum_percent": 200,
            "deployment_minimum_healthy_percent": 100,
            "desired_count": 2,
            "enable_ecs_managed_tags": false,
            "enable_execute_command": false,
            "force_delete": null,
            "force_new_deployment": null,
            "health_check_grace_period_seconds": 0,
            "iam_role": "/aws-service-role/ecs.amazonaws.com/AWSServiceRoleForECS",
            "id": "arn:aws:ecs:us-east-1:165756947575:service/dev-cluster/dev-app",
            "launch_type": "EC2",
            "load_balancer": [
              {
                "advanced_configuration": [],
                "container_name": "app",
                "container_port": 8000,
                "elb_name": "",
                "target_group_arn": "arn:aws:elasticloadbalancing:us-east-1:165756947575:targetgroup/dev-app-tg/5fd5870cf769b554"
              }
            ],
            "name": "dev-app",
            "network_configuration": [
              {
                "assign_public_ip": false,
                "security_groups": [
                  "sg-087b6d12a9919d699"
                ],
                "subnets": [
                  "subnet-00d4b79410bc89912",
                  "subnet-05620dcac18e0b05c"
                ]
              }
            ],
            "ordered_placement_strategy": [],
            "placement_constraints": [],
            "platform_version": "",
            "propagate_tags": "NONE",
            "region": "us-east-1",
            "scheduling_strategy": "REPLICA",
            "service_connect_configuration": [],
            "service_registries": [],
            "sigint_rollback": null,
            "tags": null,
            "tags_all": {},
            "task_definition": "arn:aws:ecs:us-east-1:165756947575:task-definition/dev-app:3",
            "timeouts": null,
            "triggers": {},
            "volume_configuration": [],
            "vpc_lattice_configurations": [],
            "wait_for_steady_state": false
          },
          "sensitive_attributes": [],
          "identity_schema_version": 0,
          "identity": {
            "account_id": "165756947575",
            "cluster": "arn:aws:ecs:us-east-1:165756947575:cluster/dev-cluster",
            "name": "dev-app",
            "region": "us-east-1"
          },
          "private": "eyJlMmJmYjczMC1lY2FhLTExZTYtOGY4OC0zNDM2M2JjN2M0YzAiOnsiY3JlYXRlIjoxMjAwMDAwMDAwMDAwLCJkZWxldGUiOjEyMDAwMDAwMDAwMDAsInVwZGF0ZSI6MTIwMDAwMDAwMDAwMH0sInNjaGVtYV92ZXJzaW9uIjoiMSJ9",
          "dependencies": [
            "aws_autoscaling_group.ecs",
            "aws_cloudwatch_log_group.app",
            "aws_ecr_repository.app",
            "aws_ecs_cluster.app",
            "aws_ecs_task_definition.app",
            "aws_iam_instance_profile.ec2_profile",
            "aws_iam_role.ec2_role",
            "aws_iam_role.ecs_task_execution_role",
            "aws_iam_role.ecs_task_role",
            "aws_launch_template.ecs",
            "aws_lb.app",
            "aws_lb_listener.http",
            "aws_lb_target_group.app",
            "aws_security_group.alb",
            "aws_security_group.ec2",
            "aws_security_group.rds",
            "data.aws_iam_policy_document.ec2_assume_role",
            "data.aws_iam_policy_document.ecs_task_assume_role",
            "data.aws_ssm_parameter.ecs_optimized_ami",
            "module.rds.aws_db_instance.this",
            "module.rds.aws_db_subnet_group.this",
            "module.rds.aws_secretsmanager_secret.db_creds",
            "module.rds.random_password.db_password",
            "module.vpc.aws_subnet.private",
            "module.vpc.aws_subnet.public",
            "module.vpc.aws_vpc.this"
          ]
        }
      ]
    },
    {
      "mode": "managed",
      "type": "aws_ecs_task_definition",
      "name": "app",
      "provider": "provider[\"registry.terraform.io/hashicorp/aws\"]",
      "instances": [
        {
          "schema_version": 1,
          "attributes": {
            "arn": "arn:aws:ecs:us-east-1:165756947575:task-definition/dev-app:3",
            "arn_without_revision": "arn:aws:ecs:us-east-1:165756947575:task-definition/dev-app",
            "container_definitions": "[{\"environment\":[{\"name\":\"DB_HOST\",\"value\":\"dev-postgres.c6piwgwksyms.us-east-1.rds.amazonaws.com\"},{\"name\":\"DB_NAME\",\"value\":\"myappdb\"},{\"name\":\"DB_PORT\",\"value\":\"5432\"},{\"name\":\"DB_USER\",\"value\":\"appadmin\"}],\"essential\":true,\"image\":\"165756947575.dkr.ecr.us-east-1.amazonaws.com/dev-app:latest\",\"logConfiguration\":{\"logDriver\":\"awslogs\",\"options\":{\"awslogs-group\":\"/ecs/dev-app\",\"awslogs-region\":\"us-east-1\",\"awslogs-stream-prefix\":\"app\"}},\"mountPoints\":[],\"name\":\"app\",\"portMappings\":[{\"containerPort\":8000,\"hostPort\":8000,\"protocol\":\"tcp\"}],\"secrets\":[{\"name\":\"DB_PASSWORD\",\"valueFrom\":\"arn:aws:secretsmanager:us-east-1:165756947575:secret:dev-db-credentials-20260625122838196600000001-0HyuFg\"}],\"systemControls\":[],\"volumesFrom\":[]}]",
            "cpu": "512",
            "enable_fault_injection": false,
            "ephemeral_storage": [],
            "execution_role_arn": "arn:aws:iam::165756947575:role/dev-ecs-execution-role",
            "family": "dev-app",
            "id": "dev-app",
            "ipc_mode": "",
            "memory": "1024",
            "network_mode": "awsvpc",
            "pid_mode": "",
            "placement_constraints": [],
            "proxy_configuration": [],
            "region": "us-east-1",
            "requires_compatibilities": [
              "EC2"
            ],
            "revision": 3,
            "runtime_platform": [],
            "skip_destroy": false,
            "tags": null,
            "tags_all": {},
            "task_role_arn": "arn:aws:iam::165756947575:role/dev-ecs-task-role",
            "track_latest": false,
            "volume": []
          },
          "sensitive_attributes": [],
          "identity_schema_version": 0,
          "identity": {
            "account_id": "165756947575",
            "family": "dev-app",
            "region": "us-east-1",
            "revision": 3
          },
          "private": "eyJzY2hlbWFfdmVyc2lvbiI6IjEifQ==",
          "dependencies": [
            "aws_cloudwatch_log_group.app",
            "aws_ecr_repository.app",
            "aws_iam_role.ecs_task_execution_role",
            "aws_iam_role.ecs_task_role",
            "aws_security_group.alb",
            "aws_security_group.ec2",
            "aws_security_group.rds",
            "data.aws_iam_policy_document.ecs_task_assume_role",
            "module.rds.aws_db_instance.this",
            "module.rds.aws_db_subnet_group.this",
            "module.rds.aws_secretsmanager_secret.db_creds",
            "module.rds.random_password.db_password",
            "module.vpc.aws_subnet.private",
            "module.vpc.aws_vpc.this"
          ]
        }
      ]
    },
    {
      "mode": "managed",
      "type": "aws_iam_instance_profile",
      "name": "ec2_profile",
      "provider": "provider[\"registry.terraform.io/hashicorp/aws\"]",
      "instances": [
        {
          "schema_version": 0,
          "attributes": {
            "arn": "arn:aws:iam::165756947575:instance-profile/dev-ec2-instance-profile",
            "create_date": "2026-06-25T12:09:54Z",
            "id": "dev-ec2-instance-profile",
            "name": "dev-ec2-instance-profile",
            "name_prefix": "",
            "path": "/",
            "role": "dev-ec2-role",
            "tags": {},
            "tags_all": {},
            "unique_id": "AIPASNF7CJR3VCIITD62P"
          },
          "sensitive_attributes": [],
          "identity_schema_version": 0,
          "identity": {
            "account_id": "165756947575",
            "name": "dev-ec2-instance-profile"
          },
          "private": "bnVsbA==",
          "dependencies": [
            "aws_iam_role.ec2_role",
            "data.aws_iam_policy_document.ec2_assume_role"
          ]
        }
      ]
    },
    {
      "mode": "managed",
      "type": "aws_iam_policy",
      "name": "app_task_policy",
      "provider": "provider[\"registry.terraform.io/hashicorp/aws\"]",
      "instances": [
        {
          "schema_version": 0,
          "attributes": {
            "arn": "arn:aws:iam::165756947575:policy/dev-app-task-policy",
            "attachment_count": 1,
            "delay_after_policy_creation_in_ms": null,
            "description": "Application task permissions for S3 access",
            "id": "arn:aws:iam::165756947575:policy/dev-app-task-policy",
            "name": "dev-app-task-policy",
            "name_prefix": "",
            "path": "/",
            "policy": "{\"Statement\":[{\"Action\":[\"s3:PutObject\",\"s3:ListBucket\",\"s3:GetObject\"],\"Effect\":\"Allow\",\"Resource\":[\"arn:aws:s3:::dev-cloud-solution-165756947575-us-east-1/*\",\"arn:aws:s3:::dev-cloud-solution-165756947575-us-east-1\"]}],\"Version\":\"2012-10-17\"}",
            "policy_id": "ANPASNF7CJR3T5J6SU6HL",
            "tags": {},
            "tags_all": {}
          },
          "sensitive_attributes": [],
          "identity_schema_version": 0,
          "identity": {
            "arn": "arn:aws:iam::165756947575:policy/dev-app-task-policy"
          },
          "private": "bnVsbA==",
          "dependencies": [
            "aws_s3_bucket.app",
            "data.aws_caller_identity.current",
            "data.aws_iam_policy_document.app_task_policy_doc"
          ]
        }
      ]
    },
    {
      "mode": "managed",
      "type": "aws_iam_policy",
      "name": "ec2_policy",
      "provider": "provider[\"registry.terraform.io/hashicorp/aws\"]",
      "instances": [
        {
          "schema_version": 0,
          "attributes": {
            "arn": "arn:aws:iam::165756947575:policy/dev-ec2-policy",
            "attachment_count": 1,
            "delay_after_policy_creation_in_ms": null,
            "description": "Policy for EC2 to access S3 and CloudWatch",
            "id": "arn:aws:iam::165756947575:policy/dev-ec2-policy",
            "name": "dev-ec2-policy",
            "name_prefix": "",
            "path": "/",
            "policy": "{\"Statement\":[{\"Action\":[\"s3:PutObject\",\"s3:ListBucket\",\"s3:GetObject\"],\"Effect\":\"Allow\",\"Resource\":[\"arn:aws:s3:::*/*\",\"arn:aws:s3:::*\"]},{\"Action\":[\"logs:PutLogEvents\",\"logs:DescribeLogStreams\",\"logs:DescribeLogGroups\",\"logs:CreateLogStream\",\"logs:CreateLogGroup\",\"cloudwatch:PutMetricData\"],\"Effect\":\"Allow\",\"Resource\":\"*\"}],\"Version\":\"2012-10-17\"}",
            "policy_id": "ANPASNF7CJR36SNLFVATI",
            "tags": {},
            "tags_all": {}
          },
          "sensitive_attributes": [],
          "identity_schema_version": 0,
          "identity": {
            "arn": "arn:aws:iam::165756947575:policy/dev-ec2-policy"
          },
          "private": "bnVsbA==",
          "dependencies": [
            "data.aws_iam_policy_document.ec2_policy_doc"
          ]
        }
      ]
    },
    {
      "mode": "managed",
      "type": "aws_iam_role",
      "name": "ec2_role",
      "provider": "provider[\"registry.terraform.io/hashicorp/aws\"]",
      "instances": [
        {
          "schema_version": 0,
          "attributes": {
            "arn": "arn:aws:iam::165756947575:role/dev-ec2-role",
            "assume_role_policy": "{\"Statement\":[{\"Action\":\"sts:AssumeRole\",\"Effect\":\"Allow\",\"Principal\":{\"Service\":\"ec2.amazonaws.com\"}}],\"Version\":\"2012-10-17\"}",
            "create_date": "2026-06-25T12:09:53Z",
            "description": "",
            "force_detach_policies": false,
            "id": "dev-ec2-role",
            "inline_policy": [],
            "managed_policy_arns": [
              "arn:aws:iam::165756947575:policy/dev-ec2-policy",
              "arn:aws:iam::aws:policy/service-role/AmazonEC2ContainerServiceforEC2Role"
            ],
            "max_session_duration": 3600,
            "name": "dev-ec2-role",
            "name_prefix": "",
            "path": "/",
            "permissions_boundary": "",
            "tags": {},
            "tags_all": {},
            "unique_id": "AROASNF7CJR3ZDBLGTKFZ"
          },
          "sensitive_attributes": [],
          "identity_schema_version": 0,
          "identity": {
            "account_id": "165756947575",
            "name": "dev-ec2-role"
          },
          "private": "bnVsbA==",
          "dependencies": [
            "data.aws_iam_policy_document.ec2_assume_role"
          ]
        }
      ]
    },
    {
      "mode": "managed",
      "type": "aws_iam_role",
      "name": "ecs_task_execution_role",
      "provider": "provider[\"registry.terraform.io/hashicorp/aws\"]",
      "instances": [
        {
          "schema_version": 0,
          "attributes": {
            "arn": "arn:aws:iam::165756947575:role/dev-ecs-execution-role",
            "assume_role_policy": "{\"Statement\":[{\"Action\":\"sts:AssumeRole\",\"Effect\":\"Allow\",\"Principal\":{\"Service\":\"ecs-tasks.amazonaws.com\"}}],\"Version\":\"2012-10-17\"}",
            "create_date": "2026-06-25T12:09:52Z",
            "description": "",
            "force_detach_policies": false,
            "id": "dev-ecs-execution-role",
            "inline_policy": [],
            "managed_policy_arns": [
              "arn:aws:iam::aws:policy/service-role/AmazonECSTaskExecutionRolePolicy"
            ],
            "max_session_duration": 3600,
            "name": "dev-ecs-execution-role",
            "name_prefix": "",
            "path": "/",
            "permissions_boundary": "",
            "tags": {},
            "tags_all": {},
            "unique_id": "AROASNF7CJR34QKEEUQHT"
          },
          "sensitive_attributes": [],
          "identity_schema_version": 0,
          "identity": {
            "account_id": "165756947575",
            "name": "dev-ecs-execution-role"
          },
          "private": "bnVsbA==",
          "dependencies": [
            "data.aws_iam_policy_document.ecs_task_assume_role"
          ]
        }
      ]
    },
    {
      "mode": "managed",
      "type": "aws_iam_role",
      "name": "ecs_task_role",
      "provider": "provider[\"registry.terraform.io/hashicorp/aws\"]",
      "instances": [
        {
          "schema_version": 0,
          "attributes": {
            "arn": "arn:aws:iam::165756947575:role/dev-ecs-task-role",
            "assume_role_policy": "{\"Statement\":[{\"Action\":\"sts:AssumeRole\",\"Effect\":\"Allow\",\"Principal\":{\"Service\":\"ecs-tasks.amazonaws.com\"}}],\"Version\":\"2012-10-17\"}",
            "create_date": "2026-06-25T12:09:53Z",
            "description": "",
            "force_detach_policies": false,
            "id": "dev-ecs-task-role",
            "inline_policy": [],
            "managed_policy_arns": [
              "arn:aws:iam::165756947575:policy/dev-app-task-policy"
            ],
            "max_session_duration": 3600,
            "name": "dev-ecs-task-role",
            "name_prefix": "",
            "path": "/",
            "permissions_boundary": "",
            "tags": {},
            "tags_all": {},
            "unique_id": "AROASNF7CJR353XB5SFGV"
          },
          "sensitive_attributes": [],
          "identity_schema_version": 0,
          "identity": {
            "account_id": "165756947575",
            "name": "dev-ecs-task-role"
          },
          "private": "bnVsbA==",
          "dependencies": [
            "data.aws_iam_policy_document.ecs_task_assume_role"
          ]
        }
      ]
    },
    {
      "mode": "managed",
      "type": "aws_iam_role_policy",
      "name": "ecs_execution_secrets",
      "provider": "provider[\"registry.terraform.io/hashicorp/aws\"]",
      "instances": [
        {
          "schema_version": 0,
          "attributes": {
            "id": "dev-ecs-execution-role:dev-ecs-execution-secrets",
            "name": "dev-ecs-execution-secrets",
            "name_prefix": "",
            "policy": "{\"Version\":\"2012-10-17\",\"Statement\":[{\"Action\":[\"secretsmanager:GetSecretValue\",\"secretsmanager:DescribeSecret\"],\"Effect\":\"Allow\",\"Resource\":\"arn:aws:secretsmanager:us-east-1:165756947575:secret:dev-db-credentials-20260625122838196600000001-0HyuFg\"}]}",
            "role": "dev-ecs-execution-role"
          },
          "sensitive_attributes": [],
          "identity_schema_version": 0,
          "identity": {
            "account_id": "165756947575",
            "name": "dev-ecs-execution-secrets",
            "role": "dev-ecs-execution-role"
          },
          "private": "bnVsbA==",
          "dependencies": [
            "aws_iam_role.ecs_task_execution_role",
            "data.aws_iam_policy_document.ecs_execution_secrets_policy_doc",
            "data.aws_iam_policy_document.ecs_task_assume_role",
            "module.rds.aws_secretsmanager_secret.db_creds"
          ]
        }
      ]
    },
    {
      "mode": "managed",
      "type": "aws_iam_role_policy_attachment",
      "name": "app_task_policy_attach",
      "provider": "provider[\"registry.terraform.io/hashicorp/aws\"]",
      "instances": [
        {
          "schema_version": 0,
          "attributes": {
            "id": "dev-ecs-task-role/arn:aws:iam::165756947575:policy/dev-app-task-policy",
            "policy_arn": "arn:aws:iam::165756947575:policy/dev-app-task-policy",
            "role": "dev-ecs-task-role"
          },
          "sensitive_attributes": [],
          "identity_schema_version": 0,
          "identity": {
            "account_id": "165756947575",
            "policy_arn": "arn:aws:iam::165756947575:policy/dev-app-task-policy",
            "role": "dev-ecs-task-role"
          },
          "private": "bnVsbA==",
          "dependencies": [
            "aws_iam_policy.app_task_policy",
            "aws_iam_role.ecs_task_role",
            "aws_s3_bucket.app",
            "data.aws_caller_identity.current",
            "data.aws_iam_policy_document.app_task_policy_doc",
            "data.aws_iam_policy_document.ecs_task_assume_role"
          ]
        }
      ]
    },
    {
      "mode": "managed",
      "type": "aws_iam_role_policy_attachment",
      "name": "ec2_attach",
      "provider": "provider[\"registry.terraform.io/hashicorp/aws\"]",
      "instances": [
        {
          "schema_version": 0,
          "attributes": {
            "id": "dev-ec2-role/arn:aws:iam::165756947575:policy/dev-ec2-policy",
            "policy_arn": "arn:aws:iam::165756947575:policy/dev-ec2-policy",
            "role": "dev-ec2-role"
          },
          "sensitive_attributes": [],
          "identity_schema_version": 0,
          "identity": {
            "account_id": "165756947575",
            "policy_arn": "arn:aws:iam::165756947575:policy/dev-ec2-policy",
            "role": "dev-ec2-role"
          },
          "private": "bnVsbA==",
          "dependencies": [
            "aws_iam_policy.ec2_policy",
            "aws_iam_role.ec2_role",
            "data.aws_iam_policy_document.ec2_assume_role",
            "data.aws_iam_policy_document.ec2_policy_doc"
          ]
        }
      ]
    },
    {
      "mode": "managed",
      "type": "aws_iam_role_policy_attachment",
      "name": "ec2_ecs_managed",
      "provider": "provider[\"registry.terraform.io/hashicorp/aws\"]",
      "instances": [
        {
          "schema_version": 0,
          "attributes": {
            "id": "dev-ec2-role/arn:aws:iam::aws:policy/service-role/AmazonEC2ContainerServiceforEC2Role",
            "policy_arn": "arn:aws:iam::aws:policy/service-role/AmazonEC2ContainerServiceforEC2Role",
            "role": "dev-ec2-role"
          },
          "sensitive_attributes": [],
          "identity_schema_version": 0,
          "identity": {
            "account_id": "165756947575",
            "policy_arn": "arn:aws:iam::aws:policy/service-role/AmazonEC2ContainerServiceforEC2Role",
            "role": "dev-ec2-role"
          },
          "private": "bnVsbA==",
          "dependencies": [
            "aws_iam_role.ec2_role",
            "data.aws_iam_policy_document.ec2_assume_role"
          ]
        }
      ]
    },
    {
      "mode": "managed",
      "type": "aws_iam_role_policy_attachment",
      "name": "ecs_task_execution_managed",
      "provider": "provider[\"registry.terraform.io/hashicorp/aws\"]",
      "instances": [
        {
          "schema_version": 0,
          "attributes": {
            "id": "dev-ecs-execution-role/arn:aws:iam::aws:policy/service-role/AmazonECSTaskExecutionRolePolicy",
            "policy_arn": "arn:aws:iam::aws:policy/service-role/AmazonECSTaskExecutionRolePolicy",
            "role": "dev-ecs-execution-role"
          },
          "sensitive_attributes": [],
          "identity_schema_version": 0,
          "identity": {
            "account_id": "165756947575",
            "policy_arn": "arn:aws:iam::aws:policy/service-role/AmazonECSTaskExecutionRolePolicy",
            "role": "dev-ecs-execution-role"
          },
          "private": "bnVsbA==",
          "dependencies": [
            "aws_iam_role.ecs_task_execution_role",
            "data.aws_iam_policy_document.ecs_task_assume_role"
          ]
        }
      ]
    },
    {
      "mode": "managed",
      "type": "aws_launch_template",
      "name": "ecs",
      "provider": "provider[\"registry.terraform.io/hashicorp/aws\"]",
      "instances": [
        {
          "schema_version": 1,
          "attributes": {
            "arn": "arn:aws:ec2:us-east-1:165756947575:launch-template/lt-0df8a3de5075bfb57",
            "block_device_mappings": [],
            "capacity_reservation_specification": [],
            "cpu_options": [],
            "credit_specification": [],
            "default_version": 1,
            "description": "",
            "disable_api_stop": false,
            "disable_api_termination": false,
            "ebs_optimized": "",
            "enclave_options": [],
            "hibernation_options": [],
            "iam_instance_profile": [
              {
                "arn": "",
                "name": "dev-ec2-instance-profile"
              }
            ],
            "id": "lt-0df8a3de5075bfb57",
            "image_id": "ami-08ee07a46af53f368",
            "instance_initiated_shutdown_behavior": "",
            "instance_market_options": [],
            "instance_requirements": [],
            "instance_type": "t3.small",
            "kernel_id": "",
            "key_name": "",
            "latest_version": 1,
            "license_specification": [],
            "maintenance_options": [],
            "metadata_options": [],
            "monitoring": [
              {
                "enabled": true
              }
            ],
            "name": "dev-ecs-20260625121008122900000004",
            "name_prefix": "dev-ecs-",
            "network_interfaces": [],
            "network_performance_options": [],
            "placement": [],
            "private_dns_name_options": [],
            "ram_disk_id": "",
            "region": "us-east-1",
            "secondary_interfaces": [],
            "security_group_names": [],
            "tag_specifications": [],
            "tags": {},
            "tags_all": {},
            "update_default_version": null,
            "user_data": "IyEvYmluL2Jhc2gKZWNobyBFQ1NfQ0xVU1RFUj1kZXYtY2x1c3RlciA+PiAvZXRjL2Vjcy9lY3MuY29uZmlnCmVjaG8gRUNTX0VOQUJMRV9DT05UQUlORVJfTUVUQURBVEE9dHJ1ZSA+PiAvZXRjL2Vjcy9lY3MuY29uZmlnCg==",
            "vpc_security_group_ids": [
              "sg-087b6d12a9919d699"
            ]
          },
          "sensitive_attributes": [
            [
              {
                "type": "get_attr",
                "value": "image_id"
              }
            ]
          ],
          "identity_schema_version": 0,
          "identity": {
            "account_id": "165756947575",
            "id": "lt-0df8a3de5075bfb57",
            "region": "us-east-1"
          },
          "private": "eyJzY2hlbWFfdmVyc2lvbiI6IjEifQ==",
          "dependencies": [
            "aws_ecs_cluster.app",
            "aws_iam_instance_profile.ec2_profile",
            "aws_iam_role.ec2_role",
            "aws_security_group.alb",
            "aws_security_group.ec2",
            "data.aws_iam_policy_document.ec2_assume_role",
            "data.aws_ssm_parameter.ecs_optimized_ami",
            "module.vpc.aws_vpc.this"
          ]
        }
      ]
    },
    {
      "mode": "managed",
      "type": "aws_lb",
      "name": "app",
      "provider": "provider[\"registry.terraform.io/hashicorp/aws\"]",
      "instances": [
        {
          "schema_version": 0,
          "attributes": {
            "access_logs": [
              {
                "bucket": "",
                "enabled": false,
                "prefix": ""
              }
            ],
            "arn": "arn:aws:elasticloadbalancing:us-east-1:165756947575:loadbalancer/app/dev-app-alb/3d86e55922b5de3e",
            "arn_suffix": "app/dev-app-alb/3d86e55922b5de3e",
            "client_keep_alive": 3600,
            "connection_logs": [
              {
                "bucket": "",
                "enabled": false,
                "prefix": ""
              }
            ],
            "customer_owned_ipv4_pool": "",
            "desync_mitigation_mode": "defensive",
            "dns_name": "dev-app-alb-717150318.us-east-1.elb.amazonaws.com",
            "dns_record_client_routing_policy": null,
            "drop_invalid_header_fields": false,
            "enable_cross_zone_load_balancing": true,
            "enable_deletion_protection": false,
            "enable_http2": true,
            "enable_prefix_for_ipv6_source_nat": "off",
            "enable_tls_version_and_cipher_suite_headers": false,
            "enable_waf_fail_open": false,
            "enable_xff_client_port": false,
            "enable_zonal_shift": false,
            "enforce_security_group_inbound_rules_on_private_link_traffic": "",
            "health_check_logs": [
              {
                "bucket": "",
                "enabled": false,
                "prefix": ""
              }
            ],
            "id": "arn:aws:elasticloadbalancing:us-east-1:165756947575:loadbalancer/app/dev-app-alb/3d86e55922b5de3e",
            "idle_timeout": 60,
            "internal": false,
            "ip_address_type": "ipv4",
            "ipam_pools": [],
            "load_balancer_type": "application",
            "minimum_load_balancer_capacity": [],
            "name": "dev-app-alb",
            "name_prefix": "",
            "preserve_host_header": false,
            "region": "us-east-1",
            "secondary_ips_auto_assigned_per_subnet": null,
            "security_groups": [
              "sg-0086ef7c02a1e2908"
            ],
            "subnet_mapping": [
              {
                "allocation_id": "",
                "ipv6_address": "",
                "outpost_id": "",
                "private_ipv4_address": "",
                "subnet_id": "subnet-09160b6f9fece5a2f"
              },
              {
                "allocation_id": "",
                "ipv6_address": "",
                "outpost_id": "",
                "private_ipv4_address": "",
                "subnet_id": "subnet-0a4c802cc66ce1c1a"
              }
            ],
            "subnets": [
              "subnet-09160b6f9fece5a2f",
              "subnet-0a4c802cc66ce1c1a"
            ],
            "tags": {},
            "tags_all": {},
            "timeouts": null,
            "vpc_id": "vpc-0b028ac31238cc2e8",
            "xff_header_processing_mode": "append",
            "zone_id": "Z35SXDOTRQ7X7K"
          },
          "sensitive_attributes": [],
          "identity_schema_version": 0,
          "identity": {
            "arn": "arn:aws:elasticloadbalancing:us-east-1:165756947575:loadbalancer/app/dev-app-alb/3d86e55922b5de3e"
          },
          "private": "eyJlMmJmYjczMC1lY2FhLTExZTYtOGY4OC0zNDM2M2JjN2M0YzAiOnsiY3JlYXRlIjo2MDAwMDAwMDAwMDAsImRlbGV0ZSI6NjAwMDAwMDAwMDAwLCJ1cGRhdGUiOjYwMDAwMDAwMDAwMH19",
          "dependencies": [
            "aws_security_group.alb",
            "module.vpc.aws_subnet.public",
            "module.vpc.aws_vpc.this"
          ]
        }
      ]
    },
    {
      "mode": "managed",
      "type": "aws_lb_listener",
      "name": "http",
      "provider": "provider[\"registry.terraform.io/hashicorp/aws\"]",
      "instances": [
        {
          "schema_version": 0,
          "attributes": {
            "alpn_policy": null,
            "arn": "arn:aws:elasticloadbalancing:us-east-1:165756947575:listener/app/dev-app-alb/3d86e55922b5de3e/c074561d17d54465",
            "certificate_arn": null,
            "default_action": [
              {
                "authenticate_cognito": [],
                "authenticate_oidc": [],
                "fixed_response": [],
                "forward": [],
                "jwt_validation": [],
                "order": 1,
                "redirect": [],
                "target_group_arn": "arn:aws:elasticloadbalancing:us-east-1:165756947575:targetgroup/dev-app-tg/5fd5870cf769b554",
                "type": "forward"
              }
            ],
            "id": "arn:aws:elasticloadbalancing:us-east-1:165756947575:listener/app/dev-app-alb/3d86e55922b5de3e/c074561d17d54465",
            "load_balancer_arn": "arn:aws:elasticloadbalancing:us-east-1:165756947575:loadbalancer/app/dev-app-alb/3d86e55922b5de3e",
            "mutual_authentication": [],
            "port": 80,
            "protocol": "HTTP",
            "region": "us-east-1",
            "routing_http_request_x_amzn_mtls_clientcert_header_name": null,
            "routing_http_request_x_amzn_mtls_clientcert_issuer_header_name": null,
            "routing_http_request_x_amzn_mtls_clientcert_leaf_header_name": null,
            "routing_http_request_x_amzn_mtls_clientcert_serial_number_header_name": null,
            "routing_http_request_x_amzn_mtls_clientcert_subject_header_name": null,
            "routing_http_request_x_amzn_mtls_clientcert_validity_header_name": null,
            "routing_http_request_x_amzn_tls_cipher_suite_header_name": null,
            "routing_http_request_x_amzn_tls_version_header_name": null,
            "routing_http_response_access_control_allow_credentials_header_value": "",
            "routing_http_response_access_control_allow_headers_header_value": "",
            "routing_http_response_access_control_allow_methods_header_value": "",
            "routing_http_response_access_control_allow_origin_header_value": "",
            "routing_http_response_access_control_expose_headers_header_value": "",
            "routing_http_response_access_control_max_age_header_value": "",
            "routing_http_response_content_security_policy_header_value": "",
            "routing_http_response_server_enabled": true,
            "routing_http_response_strict_transport_security_header_value": "",
            "routing_http_response_x_content_type_options_header_value": "",
            "routing_http_response_x_frame_options_header_value": "",
            "ssl_policy": "",
            "tags": {},
            "tags_all": {},
            "tcp_idle_timeout_seconds": null,
            "timeouts": null
          },
          "sensitive_attributes": [],
          "identity_schema_version": 0,
          "identity": {
            "arn": "arn:aws:elasticloadbalancing:us-east-1:165756947575:listener/app/dev-app-alb/3d86e55922b5de3e/c074561d17d54465"
          },
          "private": "eyJlMmJmYjczMC1lY2FhLTExZTYtOGY4OC0zNDM2M2JjN2M0YzAiOnsiY3JlYXRlIjozMDAwMDAwMDAwMDAsInVwZGF0ZSI6MzAwMDAwMDAwMDAwfX0=",
          "dependencies": [
            "aws_lb.app",
            "aws_lb_target_group.app",
            "aws_security_group.alb",
            "module.vpc.aws_subnet.public",
            "module.vpc.aws_vpc.this"
          ]
        }
      ]
    },
    {
      "mode": "managed",
      "type": "aws_lb_target_group",
      "name": "app",
      "provider": "provider[\"registry.terraform.io/hashicorp/aws\"]",
      "instances": [
        {
          "schema_version": 0,
          "attributes": {
            "arn": "arn:aws:elasticloadbalancing:us-east-1:165756947575:targetgroup/dev-app-tg/5fd5870cf769b554",
            "arn_suffix": "targetgroup/dev-app-tg/5fd5870cf769b554",
            "connection_termination": null,
            "deregistration_delay": "300",
            "health_check": [
              {
                "enabled": true,
                "healthy_threshold": 2,
                "interval": 30,
                "matcher": "200-399",
                "path": "/health",
                "port": "traffic-port",
                "protocol": "HTTP",
                "timeout": 5,
                "unhealthy_threshold": 2
              }
            ],
            "id": "arn:aws:elasticloadbalancing:us-east-1:165756947575:targetgroup/dev-app-tg/5fd5870cf769b554",
            "ip_address_type": "ipv4",
            "lambda_multi_value_headers_enabled": false,
            "load_balancer_arns": [
              "arn:aws:elasticloadbalancing:us-east-1:165756947575:loadbalancer/app/dev-app-alb/3d86e55922b5de3e"
            ],
            "load_balancing_algorithm_type": "round_robin",
            "load_balancing_anomaly_mitigation": "off",
            "load_balancing_cross_zone_enabled": "use_load_balancer_configuration",
            "name": "dev-app-tg",
            "name_prefix": "",
            "port": 8000,
            "preserve_client_ip": null,
            "protocol": "HTTP",
            "protocol_version": "HTTP1",
            "proxy_protocol_v2": false,
            "region": "us-east-1",
            "slow_start": 0,
            "stickiness": [
              {
                "cookie_duration": 86400,
                "cookie_name": "",
                "enabled": false,
                "type": "lb_cookie"
              }
            ],
            "tags": {},
            "tags_all": {},
            "target_control_port": 0,
            "target_failover": [
              {
                "on_deregistration": null,
                "on_unhealthy": null
              }
            ],
            "target_group_health": [
              {
                "dns_failover": [
                  {
                    "minimum_healthy_targets_count": "1",
                    "minimum_healthy_targets_percentage": "off"
                  }
                ],
                "unhealthy_state_routing": [
                  {
                    "minimum_healthy_targets_count": 1,
                    "minimum_healthy_targets_percentage": "off"
                  }
                ]
              }
            ],
            "target_health_state": [
              {
                "enable_unhealthy_connection_termination": null,
                "unhealthy_draining_interval": null
              }
            ],
            "target_type": "ip",
            "vpc_id": "vpc-0b028ac31238cc2e8"
          },
          "sensitive_attributes": [],
          "identity_schema_version": 0,
          "identity": {
            "arn": "arn:aws:elasticloadbalancing:us-east-1:165756947575:targetgroup/dev-app-tg/5fd5870cf769b554"
          },
          "private": "bnVsbA==",
          "dependencies": [
            "module.vpc.aws_vpc.this"
          ]
        }
      ]
    },
    {
      "mode": "managed",
      "type": "aws_s3_bucket",
      "name": "app",
      "provider": "provider[\"registry.terraform.io/hashicorp/aws\"]",
      "instances": [
        {
          "schema_version": 0,
          "attributes": {
            "acceleration_status": "",
            "acl": null,
            "arn": "arn:aws:s3:::dev-cloud-solution-165756947575-us-east-1",
            "bucket": "dev-cloud-solution-165756947575-us-east-1",
            "bucket_domain_name": "dev-cloud-solution-165756947575-us-east-1.s3.amazonaws.com",
            "bucket_namespace": "global",
            "bucket_prefix": "",
            "bucket_region": "us-east-1",
            "bucket_regional_domain_name": "dev-cloud-solution-165756947575-us-east-1.s3.us-east-1.amazonaws.com",
            "cors_rule": [],
            "force_destroy": true,
            "grant": [
              {
                "id": "f8440e1577ca416d373e14df88d51ea3b723ec310ba66f0c6c274379e63b7c1f",
                "permissions": [
                  "FULL_CONTROL"
                ],
                "type": "CanonicalUser",
                "uri": ""
              }
            ],
            "hosted_zone_id": "Z3AQBSTGFYJSTF",
            "id": "dev-cloud-solution-165756947575-us-east-1",
            "lifecycle_rule": [],
            "logging": [],
            "object_lock_configuration": [],
            "object_lock_enabled": false,
            "policy": "",
            "region": "us-east-1",
            "replication_configuration": [],
            "request_payer": "BucketOwner",
            "server_side_encryption_configuration": [
              {
                "rule": [
                  {
                    "apply_server_side_encryption_by_default": [
                      {
                        "kms_master_key_id": "",
                        "sse_algorithm": "AES256"
                      }
                    ],
                    "bucket_key_enabled": false
                  }
                ]
              }
            ],
            "tags": {},
            "tags_all": {},
            "timeouts": null,
            "versioning": [
              {
                "enabled": true,
                "mfa_delete": false
              }
            ],
            "website": [],
            "website_domain": null,
            "website_endpoint": null
          },
          "sensitive_attributes": [],
          "identity_schema_version": 0,
          "identity": {
            "account_id": "165756947575",
            "bucket": "dev-cloud-solution-165756947575-us-east-1",
            "region": "us-east-1"
          },
          "private": "eyJlMmJmYjczMC1lY2FhLTExZTYtOGY4OC0zNDM2M2JjN2M0YzAiOnsiY3JlYXRlIjoxMjAwMDAwMDAwMDAwLCJkZWxldGUiOjM2MDAwMDAwMDAwMDAsInJlYWQiOjEyMDAwMDAwMDAwMDAsInVwZGF0ZSI6MTIwMDAwMDAwMDAwMH19",
          "dependencies": [
            "data.aws_caller_identity.current"
          ]
        }
      ]
    },
    {
      "mode": "managed",
      "type": "aws_s3_bucket_public_access_block",
      "name": "app",
      "provider": "provider[\"registry.terraform.io/hashicorp/aws\"]",
      "instances": [
        {
          "schema_version": 0,
          "attributes": {
            "block_public_acls": true,
            "block_public_policy": true,
            "bucket": "dev-cloud-solution-165756947575-us-east-1",
            "id": "dev-cloud-solution-165756947575-us-east-1",
            "ignore_public_acls": true,
            "region": "us-east-1",
            "restrict_public_buckets": true,
            "skip_destroy": null
          },
          "sensitive_attributes": [],
          "identity_schema_version": 0,
          "identity": {
            "account_id": "165756947575",
            "bucket": "dev-cloud-solution-165756947575-us-east-1",
            "region": "us-east-1"
          },
          "private": "bnVsbA==",
          "dependencies": [
            "aws_s3_bucket.app",
            "data.aws_caller_identity.current"
          ]
        }
      ]
    },
    {
      "mode": "managed",
      "type": "aws_s3_bucket_versioning",
      "name": "app",
      "provider": "provider[\"registry.terraform.io/hashicorp/aws\"]",
      "instances": [
        {
          "schema_version": 0,
          "attributes": {
            "bucket": "dev-cloud-solution-165756947575-us-east-1",
            "expected_bucket_owner": "",
            "id": "dev-cloud-solution-165756947575-us-east-1",
            "mfa": null,
            "region": "us-east-1",
            "versioning_configuration": [
              {
                "mfa_delete": "Disabled",
                "status": "Enabled"
              }
            ]
          },
          "sensitive_attributes": [],
          "identity_schema_version": 1,
          "identity": {
            "account_id": "165756947575",
            "bucket": "dev-cloud-solution-165756947575-us-east-1",
            "region": "us-east-1"
          },
          "private": "bnVsbA==",
          "dependencies": [
            "aws_s3_bucket.app",
            "data.aws_caller_identity.current"
          ]
        }
      ]
    },
    {
      "mode": "managed",
      "type": "aws_security_group",
      "name": "alb",
      "provider": "provider[\"registry.terraform.io/hashicorp/aws\"]",
      "instances": [
        {
          "schema_version": 1,
          "attributes": {
            "arn": "arn:aws:ec2:us-east-1:165756947575:security-group/sg-0086ef7c02a1e2908",
            "description": "Security group for ALB",
            "egress": [
              {
                "cidr_blocks": [
                  "0.0.0.0/0"
                ],
                "description": "",
                "from_port": 0,
                "ipv6_cidr_blocks": [],
                "prefix_list_ids": [],
                "protocol": "-1",
                "security_groups": [],
                "self": false,
                "to_port": 0
              }
            ],
            "id": "sg-0086ef7c02a1e2908",
            "ingress": [
              {
                "cidr_blocks": [
                  "0.0.0.0/0"
                ],
                "description": "HTTP from internet",
                "from_port": 80,
                "ipv6_cidr_blocks": [],
                "prefix_list_ids": [],
                "protocol": "tcp",
                "security_groups": [],
                "self": false,
                "to_port": 80
              },
              {
                "cidr_blocks": [
                  "0.0.0.0/0"
                ],
                "description": "HTTPS from internet",
                "from_port": 443,
                "ipv6_cidr_blocks": [],
                "prefix_list_ids": [],
                "protocol": "tcp",
                "security_groups": [],
                "self": false,
                "to_port": 443
              }
            ],
            "name": "dev-alb-sg",
            "name_prefix": "",
            "owner_id": "165756947575",
            "region": "us-east-1",
            "revoke_rules_on_delete": false,
            "tags": {
              "Environment": "dev",
              "Name": "dev-alb-sg"
            },
            "tags_all": {
              "Environment": "dev",
              "Name": "dev-alb-sg"
            },
            "timeouts": null,
            "vpc_id": "vpc-0b028ac31238cc2e8"
          },
          "sensitive_attributes": [],
          "identity_schema_version": 0,
          "identity": {
            "account_id": "165756947575",
            "id": "sg-0086ef7c02a1e2908",
            "region": "us-east-1"
          },
          "private": "eyJlMmJmYjczMC1lY2FhLTExZTYtOGY4OC0zNDM2M2JjN2M0YzAiOnsiY3JlYXRlIjo2MDAwMDAwMDAwMDAsImRlbGV0ZSI6OTAwMDAwMDAwMDAwfSwic2NoZW1hX3ZlcnNpb24iOiIxIn0=",
          "dependencies": [
            "module.vpc.aws_vpc.this"
          ]
        }
      ]
    },
    {
      "mode": "managed",
      "type": "aws_security_group",
      "name": "ec2",
      "provider": "provider[\"registry.terraform.io/hashicorp/aws\"]",
      "instances": [
        {
          "schema_version": 1,
          "attributes": {
            "arn": "arn:aws:ec2:us-east-1:165756947575:security-group/sg-087b6d12a9919d699",
            "description": "Security group for EC2 instances",
            "egress": [
              {
                "cidr_blocks": [
                  "0.0.0.0/0"
                ],
                "description": "",
                "from_port": 0,
                "ipv6_cidr_blocks": [],
                "prefix_list_ids": [],
                "protocol": "-1",
                "security_groups": [],
                "self": false,
                "to_port": 0
              }
            ],
            "id": "sg-087b6d12a9919d699",
            "ingress": [
              {
                "cidr_blocks": [],
                "description": "App port from ALB",
                "from_port": 8000,
                "ipv6_cidr_blocks": [],
                "prefix_list_ids": [],
                "protocol": "tcp",
                "security_groups": [
                  "sg-0086ef7c02a1e2908"
                ],
                "self": false,
                "to_port": 8000
              }
            ],
            "name": "dev-ec2-sg",
            "name_prefix": "",
            "owner_id": "165756947575",
            "region": "us-east-1",
            "revoke_rules_on_delete": false,
            "tags": {
              "Environment": "dev",
              "Name": "dev-ec2-sg"
            },
            "tags_all": {
              "Environment": "dev",
              "Name": "dev-ec2-sg"
            },
            "timeouts": null,
            "vpc_id": "vpc-0b028ac31238cc2e8"
          },
          "sensitive_attributes": [],
          "identity_schema_version": 0,
          "identity": {
            "account_id": "165756947575",
            "id": "sg-087b6d12a9919d699",
            "region": "us-east-1"
          },
          "private": "eyJlMmJmYjczMC1lY2FhLTExZTYtOGY4OC0zNDM2M2JjN2M0YzAiOnsiY3JlYXRlIjo2MDAwMDAwMDAwMDAsImRlbGV0ZSI6OTAwMDAwMDAwMDAwfSwic2NoZW1hX3ZlcnNpb24iOiIxIn0=",
          "dependencies": [
            "aws_security_group.alb",
            "module.vpc.aws_vpc.this"
          ]
        }
      ]
    },
    {
      "mode": "managed",
      "type": "aws_security_group",
      "name": "rds",
      "provider": "provider[\"registry.terraform.io/hashicorp/aws\"]",
      "instances": [
        {
          "schema_version": 1,
          "attributes": {
            "arn": "arn:aws:ec2:us-east-1:165756947575:security-group/sg-05b0feac8ccbffc4c",
            "description": "Security group for RDS",
            "egress": [
              {
                "cidr_blocks": [
                  "0.0.0.0/0"
                ],
                "description": "",
                "from_port": 0,
                "ipv6_cidr_blocks": [],
                "prefix_list_ids": [],
                "protocol": "-1",
                "security_groups": [],
                "self": false,
                "to_port": 0
              }
            ],
            "id": "sg-05b0feac8ccbffc4c",
            "ingress": [
              {
                "cidr_blocks": [],
                "description": "PostgreSQL from EC2",
                "from_port": 5432,
                "ipv6_cidr_blocks": [],
                "prefix_list_ids": [],
                "protocol": "tcp",
                "security_groups": [
                  "sg-087b6d12a9919d699"
                ],
                "self": false,
                "to_port": 5432
              }
            ],
            "name": "dev-rds-sg",
            "name_prefix": "",
            "owner_id": "165756947575",
            "region": "us-east-1",
            "revoke_rules_on_delete": false,
            "tags": {
              "Environment": "dev",
              "Name": "dev-rds-sg"
            },
            "tags_all": {
              "Environment": "dev",
              "Name": "dev-rds-sg"
            },
            "timeouts": null,
            "vpc_id": "vpc-0b028ac31238cc2e8"
          },
          "sensitive_attributes": [],
          "identity_schema_version": 0,
          "identity": {
            "account_id": "165756947575",
            "id": "sg-05b0feac8ccbffc4c",
            "region": "us-east-1"
          },
          "private": "eyJlMmJmYjczMC1lY2FhLTExZTYtOGY4OC0zNDM2M2JjN2M0YzAiOnsiY3JlYXRlIjo2MDAwMDAwMDAwMDAsImRlbGV0ZSI6OTAwMDAwMDAwMDAwfSwic2NoZW1hX3ZlcnNpb24iOiIxIn0=",
          "dependencies": [
            "aws_security_group.alb",
            "aws_security_group.ec2",
            "module.vpc.aws_vpc.this"
          ]
        }
      ]
    },
    {
      "module": "module.rds",
      "mode": "managed",
      "type": "aws_db_instance",
      "name": "this",
      "provider": "provider[\"registry.terraform.io/hashicorp/aws\"]",
      "instances": [
        {
          "schema_version": 2,
          "attributes": {
            "address": "dev-postgres.c6piwgwksyms.us-east-1.rds.amazonaws.com",
            "allocated_storage": 20,
            "allow_major_version_upgrade": null,
            "apply_immediately": false,
            "arn": "arn:aws:rds:us-east-1:165756947575:db:dev-postgres",
            "auto_minor_version_upgrade": true,
            "availability_zone": "us-east-1b",
            "backup_retention_period": 0,
            "backup_target": "region",
            "backup_window": "07:33-08:03",
            "blue_green_update": [],
            "ca_cert_identifier": "rds-ca-rsa2048-g1",
            "character_set_name": "",
            "copy_tags_to_snapshot": false,
            "custom_iam_instance_profile": "",
            "customer_owned_ip_enabled": false,
            "database_insights_mode": "standard",
            "db_name": "myappdb",
            "db_subnet_group_name": "dev-db-subnet-group",
            "dedicated_log_volume": false,
            "delete_automated_backups": true,
            "deletion_protection": false,
            "domain": "",
            "domain_auth_secret_arn": "",
            "domain_dns_ips": [],
            "domain_fqdn": "",
            "domain_iam_role_name": "",
            "domain_ou": "",
            "enabled_cloudwatch_logs_exports": [],
            "endpoint": "dev-postgres.c6piwgwksyms.us-east-1.rds.amazonaws.com:5432",
            "engine": "postgres",
            "engine_lifecycle_support": "open-source-rds-extended-support",
            "engine_version": "14.23",
            "engine_version_actual": "14.23",
            "final_snapshot_identifier": null,
            "hosted_zone_id": "Z2R2ITUGPM61AM",
            "iam_database_authentication_enabled": false,
            "id": "db-VZ3LOCDAVRVYNXXTZRAJQ5Z7UY",
            "identifier": "dev-postgres",
            "identifier_prefix": "",
            "instance_class": "db.t3.micro",
            "iops": 0,
            "kms_key_id": "arn:aws:kms:us-east-1:165756947575:key/6af1d0f1-1317-4a0e-8c3b-68c3b189867c",
            "latest_restorable_time": "",
            "license_model": "postgresql-license",
            "listener_endpoint": [],
            "maintenance_window": "thu:05:32-thu:06:02",
            "manage_master_user_password": null,
            "master_user_secret": [],
            "master_user_secret_kms_key_id": null,
            "max_allocated_storage": 0,
            "monitoring_interval": 0,
            "monitoring_role_arn": "",
            "multi_az": false,
            "nchar_character_set_name": "",
            "network_type": "IPV4",
            "option_group_name": "default:postgres-14",
            "parameter_group_name": "default.postgres14",
            "password": "vi1B1ofL0c7ZUbAv",
            "password_wo": null,
            "password_wo_version": null,
            "performance_insights_enabled": false,
            "performance_insights_kms_key_id": "",
            "performance_insights_retention_period": 0,
            "port": 5432,
            "publicly_accessible": false,
            "region": "us-east-1",
            "replica_mode": "",
            "replicas": [],
            "replicate_source_db": "",
            "resource_id": "db-VZ3LOCDAVRVYNXXTZRAJQ5Z7UY",
            "restore_to_point_in_time": [],
            "s3_import": [],
            "skip_final_snapshot": true,
            "snapshot_identifier": null,
            "status": "available",
            "storage_encrypted": true,
            "storage_throughput": 0,
            "storage_type": "gp2",
            "tags": {
              "Environment": "dev",
              "Name": "dev-rds"
            },
            "tags_all": {
              "Environment": "dev",
              "Name": "dev-rds"
            },
            "timeouts": null,
            "timezone": "",
            "upgrade_rollout_order": "second",
            "upgrade_storage_config": null,
            "username": "appadmin",
            "vpc_security_group_ids": [
              "sg-05b0feac8ccbffc4c"
            ]
          },
          "sensitive_attributes": [
            [
              {
                "type": "get_attr",
                "value": "password"
              }
            ],
            [
              {
                "type": "get_attr",
                "value": "password_wo"
              }
            ]
          ],
          "identity_schema_version": 0,
          "private": "eyJlMmJmYjczMC1lY2FhLTExZTYtOGY4OC0zNDM2M2JjN2M0YzAiOnsiY3JlYXRlIjozMDAwMDAwMDAwMDAwLCJkZWxldGUiOjM2MDAwMDAwMDAwMDAsInVwZGF0ZSI6NDgwMDAwMDAwMDAwMH0sInNjaGVtYV92ZXJzaW9uIjoiMiJ9",
          "dependencies": [
            "aws_security_group.alb",
            "aws_security_group.ec2",
            "aws_security_group.rds",
            "module.rds.aws_db_subnet_group.this",
            "module.rds.random_password.db_password",
            "module.vpc.aws_subnet.private",
            "module.vpc.aws_vpc.this"
          ]
        }
      ]
    },
    {
      "module": "module.rds",
      "mode": "managed",
      "type": "aws_db_subnet_group",
      "name": "this",
      "provider": "provider[\"registry.terraform.io/hashicorp/aws\"]",
      "instances": [
        {
          "schema_version": 0,
          "attributes": {
            "arn": "arn:aws:rds:us-east-1:165756947575:subgrp:dev-db-subnet-group",
            "description": "Managed by Terraform",
            "id": "dev-db-subnet-group",
            "name": "dev-db-subnet-group",
            "name_prefix": "",
            "region": "us-east-1",
            "subnet_ids": [
              "subnet-00d4b79410bc89912",
              "subnet-05620dcac18e0b05c"
            ],
            "supported_network_types": [
              "IPV4"
            ],
            "tags": {
              "Environment": "dev",
              "Name": "dev-db-subnet-group"
            },
            "tags_all": {
              "Environment": "dev",
              "Name": "dev-db-subnet-group"
            },
            "vpc_id": "vpc-0b028ac31238cc2e8"
          },
          "sensitive_attributes": [],
          "identity_schema_version": 0,
          "identity": {
            "account_id": "165756947575",
            "name": "dev-db-subnet-group",
            "region": "us-east-1"
          },
          "private": "bnVsbA==",
          "dependencies": [
            "module.vpc.aws_subnet.private",
            "module.vpc.aws_vpc.this"
          ]
        }
      ]
    },
    {
      "module": "module.rds",
      "mode": "managed",
      "type": "aws_secretsmanager_secret",
      "name": "db_creds",
      "provider": "provider[\"registry.terraform.io/hashicorp/aws\"]",
      "instances": [
        {
          "schema_version": 0,
          "attributes": {
            "arn": "arn:aws:secretsmanager:us-east-1:165756947575:secret:dev-db-credentials-20260625122838196600000001-0HyuFg",
            "description": "",
            "force_overwrite_replica_secret": false,
            "id": "arn:aws:secretsmanager:us-east-1:165756947575:secret:dev-db-credentials-20260625122838196600000001-0HyuFg",
            "kms_key_id": "",
            "name": "dev-db-credentials-20260625122838196600000001",
            "name_prefix": "dev-db-credentials-",
            "policy": "",
            "recovery_window_in_days": 30,
            "region": "us-east-1",
            "replica": [],
            "tags": {
              "Environment": "dev"
            },
            "tags_all": {
              "Environment": "dev"
            }
          },
          "sensitive_attributes": [],
          "identity_schema_version": 0,
          "identity": {
            "arn": "arn:aws:secretsmanager:us-east-1:165756947575:secret:dev-db-credentials-20260625122838196600000001-0HyuFg"
          },
          "private": "bnVsbA=="
        }
      ]
    },
    {
      "module": "module.rds",
      "mode": "managed",
      "type": "aws_secretsmanager_secret_version",
      "name": "db_creds",
      "provider": "provider[\"registry.terraform.io/hashicorp/aws\"]",
      "instances": [
        {
          "schema_version": 0,
          "attributes": {
            "arn": "arn:aws:secretsmanager:us-east-1:165756947575:secret:dev-db-credentials-20260625122838196600000001-0HyuFg",
            "has_secret_string_wo": null,
            "id": "arn:aws:secretsmanager:us-east-1:165756947575:secret:dev-db-credentials-20260625122838196600000001-0HyuFg|terraform-20260625122839737900000003",
            "region": "us-east-1",
            "secret_arn": "arn:aws:secretsmanager:us-east-1:165756947575:secret:dev-db-credentials-20260625122838196600000001-0HyuFg",
            "secret_binary": "",
            "secret_id": "arn:aws:secretsmanager:us-east-1:165756947575:secret:dev-db-credentials-20260625122838196600000001-0HyuFg",
            "secret_string": "{\"dbname\":\"myappdb\",\"engine\":\"postgres\",\"host\":\"dev-postgres.c6piwgwksyms.us-east-1.rds.amazonaws.com\",\"password\":\"vi1B1ofL0c7ZUbAv\",\"port\":5432,\"username\":\"appadmin\"}",
            "secret_string_wo": null,
            "secret_string_wo_version": null,
            "version_id": "terraform-20260625122839737900000003",
            "version_stages": [
              "AWSCURRENT"
            ]
          },
          "sensitive_attributes": [
            [
              {
                "type": "get_attr",
                "value": "secret_binary"
              }
            ],
            [
              {
                "type": "get_attr",
                "value": "secret_string"
              }
            ],
            [
              {
                "type": "get_attr",
                "value": "secret_string_wo"
              }
            ]
          ],
          "identity_schema_version": 0,
          "identity": {
            "account_id": "165756947575",
            "region": "us-east-1",
            "secret_id": "arn:aws:secretsmanager:us-east-1:165756947575:secret:dev-db-credentials-20260625122838196600000001-0HyuFg",
            "version_id": "terraform-20260625122839737900000003"
          },
          "private": "bnVsbA==",
          "dependencies": [
            "aws_security_group.alb",
            "aws_security_group.ec2",
            "aws_security_group.rds",
            "module.rds.aws_db_instance.this",
            "module.rds.aws_db_subnet_group.this",
            "module.rds.aws_secretsmanager_secret.db_creds",
            "module.rds.random_password.db_password",
            "module.vpc.aws_subnet.private",
            "module.vpc.aws_vpc.this"
          ]
        }
      ]
    },
    {
      "module": "module.rds",
      "mode": "managed",
      "type": "random_password",
      "name": "db_password",
      "provider": "provider[\"registry.terraform.io/hashicorp/random\"]",
      "instances": [
        {
          "index_key": 0,
          "schema_version": 3,
          "attributes": {
            "bcrypt_hash": "$2a$10$tZUeb99BYlUKmIE9CemfFOWCT4FWoiMNkMTBe3AATFEAhKW1TgtmS",
            "id": "none",
            "keepers": null,
            "length": 16,
            "lower": true,
            "min_lower": 0,
            "min_numeric": 0,
            "min_special": 0,
            "min_upper": 0,
            "number": true,
            "numeric": true,
            "override_special": null,
            "result": "vi1B1ofL0c7ZUbAv",
            "special": false,
            "upper": true
          },
          "sensitive_attributes": [
            [
              {
                "type": "get_attr",
                "value": "bcrypt_hash"
              }
            ],
            [
              {
                "type": "get_attr",
                "value": "result"
              }
            ]
          ],
          "identity_schema_version": 0
        }
      ]
    },
    {
      "module": "module.vpc",
      "mode": "managed",
      "type": "aws_eip",
      "name": "nat",
      "provider": "provider[\"registry.terraform.io/hashicorp/aws\"]",
      "instances": [
        {
          "index_key": 0,
          "schema_version": 0,
          "attributes": {
            "address": null,
            "allocation_id": "eipalloc-02db31204e424aac6",
            "arn": "arn:aws:ec2:us-east-1:165756947575:elastic-ip/eipalloc-02db31204e424aac6",
            "associate_with_private_ip": null,
            "association_id": "eipassoc-0f638ed17a2fa7560",
            "carrier_ip": "",
            "customer_owned_ip": "",
            "customer_owned_ipv4_pool": "",
            "domain": "vpc",
            "id": "eipalloc-02db31204e424aac6",
            "instance": "",
            "ipam_pool_id": "",
            "network_border_group": "us-east-1",
            "network_interface": "eni-0b2bf0d133101ddae",
            "private_dns": "ip-10-0-1-95.ec2.internal",
            "private_ip": "10.0.1.95",
            "ptr_record": "",
            "public_dns": "ec2-13-218-31-50.compute-1.amazonaws.com",
            "public_ip": "13.218.31.50",
            "public_ipv4_pool": "amazon",
            "region": "us-east-1",
            "tags": {
              "Environment": "dev",
              "Name": "dev-nat-eip-1"
            },
            "tags_all": {
              "Environment": "dev",
              "Name": "dev-nat-eip-1"
            },
            "timeouts": null
          },
          "sensitive_attributes": [],
          "identity_schema_version": 0,
          "identity": {
            "account_id": "165756947575",
            "id": "eipalloc-02db31204e424aac6",
            "region": "us-east-1"
          },
          "private": "eyJlMmJmYjczMC1lY2FhLTExZTYtOGY4OC0zNDM2M2JjN2M0YzAiOnsiZGVsZXRlIjoxODAwMDAwMDAwMDAsInJlYWQiOjkwMDAwMDAwMDAwMCwidXBkYXRlIjozMDAwMDAwMDAwMDB9fQ=="
        }
      ]
    },
    {
      "module": "module.vpc",
      "mode": "managed",
      "type": "aws_internet_gateway",
      "name": "this",
      "provider": "provider[\"registry.terraform.io/hashicorp/aws\"]",
      "instances": [
        {
          "schema_version": 0,
          "attributes": {
            "arn": "arn:aws:ec2:us-east-1:165756947575:internet-gateway/igw-04a78d12dec1c61f2",
            "id": "igw-04a78d12dec1c61f2",
            "owner_id": "165756947575",
            "region": "us-east-1",
            "tags": {
              "Environment": "dev",
              "Name": "dev-igw"
            },
            "tags_all": {
              "Environment": "dev",
              "Name": "dev-igw"
            },
            "timeouts": null,
            "vpc_id": "vpc-0b028ac31238cc2e8"
          },
          "sensitive_attributes": [],
          "identity_schema_version": 0,
          "identity": {
            "account_id": "165756947575",
            "id": "igw-04a78d12dec1c61f2",
            "region": "us-east-1"
          },
          "private": "eyJlMmJmYjczMC1lY2FhLTExZTYtOGY4OC0zNDM2M2JjN2M0YzAiOnsiY3JlYXRlIjoxMjAwMDAwMDAwMDAwLCJkZWxldGUiOjEyMDAwMDAwMDAwMDAsInVwZGF0ZSI6MTIwMDAwMDAwMDAwMH19",
          "dependencies": [
            "module.vpc.aws_vpc.this"
          ]
        }
      ]
    },
    {
      "module": "module.vpc",
      "mode": "managed",
      "type": "aws_nat_gateway",
      "name": "this",
      "provider": "provider[\"registry.terraform.io/hashicorp/aws\"]",
      "instances": [
        {
          "index_key": 0,
          "schema_version": 0,
          "attributes": {
            "allocation_id": "eipalloc-02db31204e424aac6",
            "association_id": "eipassoc-0f638ed17a2fa7560",
            "auto_provision_zones": null,
            "auto_scaling_ips": null,
            "availability_mode": "zonal",
            "availability_zone_address": [],
            "connectivity_type": "public",
            "id": "nat-0251bf8e300e6c440",
            "network_interface_id": "eni-0b2bf0d133101ddae",
            "private_ip": "10.0.1.95",
            "public_ip": "13.218.31.50",
            "region": "us-east-1",
            "regional_nat_gateway_address": [],
            "regional_nat_gateway_auto_mode": null,
            "route_table_id": null,
            "secondary_allocation_ids": [],
            "secondary_private_ip_address_count": 0,
            "secondary_private_ip_addresses": [],
            "subnet_id": "subnet-0a4c802cc66ce1c1a",
            "tags": {
              "Environment": "dev",
              "Name": "dev-nat-1"
            },
            "tags_all": {
              "Environment": "dev",
              "Name": "dev-nat-1"
            },
            "timeouts": null,
            "vpc_id": "vpc-0b028ac31238cc2e8"
          },
          "sensitive_attributes": [],
          "identity_schema_version": 0,
          "identity": {
            "account_id": "165756947575",
            "id": "nat-0251bf8e300e6c440",
            "region": "us-east-1"
          },
          "private": "eyJlMmJmYjczMC1lY2FhLTExZTYtOGY4OC0zNDM2M2JjN2M0YzAiOnsiY3JlYXRlIjo2MDAwMDAwMDAwMDAsImRlbGV0ZSI6MTgwMDAwMDAwMDAwMCwidXBkYXRlIjo2MDAwMDAwMDAwMDB9fQ==",
          "dependencies": [
            "module.vpc.aws_eip.nat",
            "module.vpc.aws_internet_gateway.this",
            "module.vpc.aws_subnet.public",
            "module.vpc.aws_vpc.this"
          ]
        }
      ]
    },
    {
      "module": "module.vpc",
      "mode": "managed",
      "type": "aws_route",
      "name": "private_default",
      "provider": "provider[\"registry.terraform.io/hashicorp/aws\"]",
      "instances": [
        {
          "index_key": 0,
          "schema_version": 0,
          "attributes": {
            "carrier_gateway_id": "",
            "core_network_arn": "",
            "destination_cidr_block": "0.0.0.0/0",
            "destination_ipv6_cidr_block": "",
            "destination_prefix_list_id": "",
            "egress_only_gateway_id": "",
            "gateway_id": "",
            "id": "r-rtb-01203a7901c8f32701080289494",
            "instance_id": "",
            "instance_owner_id": "",
            "local_gateway_id": "",
            "nat_gateway_id": "nat-0251bf8e300e6c440",
            "network_interface_id": "",
            "odb_network_arn": "",
            "origin": "CreateRoute",
            "region": "us-east-1",
            "route_table_id": "rtb-01203a7901c8f3270",
            "state": "active",
            "timeouts": null,
            "transit_gateway_id": "",
            "vpc_endpoint_id": "",
            "vpc_peering_connection_id": ""
          },
          "sensitive_attributes": [],
          "identity_schema_version": 0,
          "identity": {
            "account_id": "165756947575",
            "destination_cidr_block": "0.0.0.0/0",
            "destination_ipv6_cidr_block": null,
            "destination_prefix_list_id": null,
            "region": "us-east-1",
            "route_table_id": "rtb-01203a7901c8f3270"
          },
          "private": "eyJlMmJmYjczMC1lY2FhLTExZTYtOGY4OC0zNDM2M2JjN2M0YzAiOnsiY3JlYXRlIjozMDAwMDAwMDAwMDAsImRlbGV0ZSI6MzAwMDAwMDAwMDAwLCJ1cGRhdGUiOjEyMDAwMDAwMDAwMH19",
          "dependencies": [
            "module.vpc.aws_eip.nat",
            "module.vpc.aws_internet_gateway.this",
            "module.vpc.aws_nat_gateway.this",
            "module.vpc.aws_route_table.private",
            "module.vpc.aws_subnet.public",
            "module.vpc.aws_vpc.this"
          ]
        }
      ]
    },
    {
      "module": "module.vpc",
      "mode": "managed",
      "type": "aws_route_table",
      "name": "private",
      "provider": "provider[\"registry.terraform.io/hashicorp/aws\"]",
      "instances": [
        {
          "index_key": 0,
          "schema_version": 0,
          "attributes": {
            "arn": "arn:aws:ec2:us-east-1:165756947575:route-table/rtb-01203a7901c8f3270",
            "id": "rtb-01203a7901c8f3270",
            "owner_id": "165756947575",
            "propagating_vgws": [],
            "region": "us-east-1",
            "route": [
              {
                "carrier_gateway_id": "",
                "cidr_block": "0.0.0.0/0",
                "core_network_arn": "",
                "destination_prefix_list_id": "",
                "egress_only_gateway_id": "",
                "gateway_id": "",
                "ipv6_cidr_block": "",
                "local_gateway_id": "",
                "nat_gateway_id": "nat-0251bf8e300e6c440",
                "network_interface_id": "",
                "odb_network_arn": "",
                "transit_gateway_id": "",
                "vpc_endpoint_id": "",
                "vpc_peering_connection_id": ""
              }
            ],
            "tags": {
              "Environment": "dev",
              "Name": "dev-private-rt-1"
            },
            "tags_all": {
              "Environment": "dev",
              "Name": "dev-private-rt-1"
            },
            "timeouts": null,
            "vpc_id": "vpc-0b028ac31238cc2e8"
          },
          "sensitive_attributes": [],
          "identity_schema_version": 0,
          "identity": {
            "account_id": "165756947575",
            "id": "rtb-01203a7901c8f3270",
            "region": "us-east-1"
          },
          "private": "eyJlMmJmYjczMC1lY2FhLTExZTYtOGY4OC0zNDM2M2JjN2M0YzAiOnsiY3JlYXRlIjozMDAwMDAwMDAwMDAsImRlbGV0ZSI6MzAwMDAwMDAwMDAwLCJ1cGRhdGUiOjEyMDAwMDAwMDAwMH19",
          "dependencies": [
            "module.vpc.aws_vpc.this"
          ]
        }
      ]
    },
    {
      "module": "module.vpc",
      "mode": "managed",
      "type": "aws_route_table",
      "name": "public",
      "provider": "provider[\"registry.terraform.io/hashicorp/aws\"]",
      "instances": [
        {
          "schema_version": 0,
          "attributes": {
            "arn": "arn:aws:ec2:us-east-1:165756947575:route-table/rtb-0f5cfb05b02007c98",
            "id": "rtb-0f5cfb05b02007c98",
            "owner_id": "165756947575",
            "propagating_vgws": [],
            "region": "us-east-1",
            "route": [
              {
                "carrier_gateway_id": "",
                "cidr_block": "0.0.0.0/0",
                "core_network_arn": "",
                "destination_prefix_list_id": "",
                "egress_only_gateway_id": "",
                "gateway_id": "igw-04a78d12dec1c61f2",
                "ipv6_cidr_block": "",
                "local_gateway_id": "",
                "nat_gateway_id": "",
                "network_interface_id": "",
                "odb_network_arn": "",
                "transit_gateway_id": "",
                "vpc_endpoint_id": "",
                "vpc_peering_connection_id": ""
              }
            ],
            "tags": {
              "Environment": "dev",
              "Name": "dev-public-rt"
            },
            "tags_all": {
              "Environment": "dev",
              "Name": "dev-public-rt"
            },
            "timeouts": null,
            "vpc_id": "vpc-0b028ac31238cc2e8"
          },
          "sensitive_attributes": [],
          "identity_schema_version": 0,
          "identity": {
            "account_id": "165756947575",
            "id": "rtb-0f5cfb05b02007c98",
            "region": "us-east-1"
          },
          "private": "eyJlMmJmYjczMC1lY2FhLTExZTYtOGY4OC0zNDM2M2JjN2M0YzAiOnsiY3JlYXRlIjozMDAwMDAwMDAwMDAsImRlbGV0ZSI6MzAwMDAwMDAwMDAwLCJ1cGRhdGUiOjEyMDAwMDAwMDAwMH19",
          "dependencies": [
            "module.vpc.aws_internet_gateway.this",
            "module.vpc.aws_vpc.this"
          ]
        }
      ]
    },
    {
      "module": "module.vpc",
      "mode": "managed",
      "type": "aws_route_table_association",
      "name": "private",
      "provider": "provider[\"registry.terraform.io/hashicorp/aws\"]",
      "instances": [
        {
          "index_key": 0,
          "schema_version": 0,
          "attributes": {
            "gateway_id": "",
            "id": "rtbassoc-01d8029d0c817014c",
            "region": "us-east-1",
            "route_table_id": "rtb-01203a7901c8f3270",
            "subnet_id": "subnet-00d4b79410bc89912",
            "timeouts": null
          },
          "sensitive_attributes": [],
          "identity_schema_version": 0,
          "identity": {
            "account_id": "165756947575",
            "id": "rtbassoc-01d8029d0c817014c",
            "region": "us-east-1"
          },
          "private": "eyJlMmJmYjczMC1lY2FhLTExZTYtOGY4OC0zNDM2M2JjN2M0YzAiOnsiY3JlYXRlIjozMDAwMDAwMDAwMDAsImRlbGV0ZSI6MzAwMDAwMDAwMDAwLCJ1cGRhdGUiOjEyMDAwMDAwMDAwMH19",
          "dependencies": [
            "module.vpc.aws_route_table.private",
            "module.vpc.aws_subnet.private",
            "module.vpc.aws_vpc.this"
          ]
        },
        {
          "index_key": 1,
          "schema_version": 0,
          "attributes": {
            "gateway_id": "",
            "id": "rtbassoc-0efcbeade75ad36af",
            "region": "us-east-1",
            "route_table_id": "rtb-01203a7901c8f3270",
            "subnet_id": "subnet-05620dcac18e0b05c",
            "timeouts": null
          },
          "sensitive_attributes": [],
          "identity_schema_version": 0,
          "identity": {
            "account_id": "165756947575",
            "id": "rtbassoc-0efcbeade75ad36af",
            "region": "us-east-1"
          },
          "private": "eyJlMmJmYjczMC1lY2FhLTExZTYtOGY4OC0zNDM2M2JjN2M0YzAiOnsiY3JlYXRlIjozMDAwMDAwMDAwMDAsImRlbGV0ZSI6MzAwMDAwMDAwMDAwLCJ1cGRhdGUiOjEyMDAwMDAwMDAwMH19",
          "dependencies": [
            "module.vpc.aws_route_table.private",
            "module.vpc.aws_subnet.private",
            "module.vpc.aws_vpc.this"
          ]
        }
      ]
    },
    {
      "module": "module.vpc",
      "mode": "managed",
      "type": "aws_route_table_association",
      "name": "public",
      "provider": "provider[\"registry.terraform.io/hashicorp/aws\"]",
      "instances": [
        {
          "index_key": 0,
          "schema_version": 0,
          "attributes": {
            "gateway_id": "",
            "id": "rtbassoc-0bdd6050321e59e3c",
            "region": "us-east-1",
            "route_table_id": "rtb-0f5cfb05b02007c98",
            "subnet_id": "subnet-0a4c802cc66ce1c1a",
            "timeouts": null
          },
          "sensitive_attributes": [],
          "identity_schema_version": 0,
          "identity": {
            "account_id": "165756947575",
            "id": "rtbassoc-0bdd6050321e59e3c",
            "region": "us-east-1"
          },
          "private": "eyJlMmJmYjczMC1lY2FhLTExZTYtOGY4OC0zNDM2M2JjN2M0YzAiOnsiY3JlYXRlIjozMDAwMDAwMDAwMDAsImRlbGV0ZSI6MzAwMDAwMDAwMDAwLCJ1cGRhdGUiOjEyMDAwMDAwMDAwMH19",
          "dependencies": [
            "module.vpc.aws_internet_gateway.this",
            "module.vpc.aws_route_table.public",
            "module.vpc.aws_subnet.public",
            "module.vpc.aws_vpc.this"
          ]
        },
        {
          "index_key": 1,
          "schema_version": 0,
          "attributes": {
            "gateway_id": "",
            "id": "rtbassoc-0abf3d10412a0c2fb",
            "region": "us-east-1",
            "route_table_id": "rtb-0f5cfb05b02007c98",
            "subnet_id": "subnet-09160b6f9fece5a2f",
            "timeouts": null
          },
          "sensitive_attributes": [],
          "identity_schema_version": 0,
          "identity": {
            "account_id": "165756947575",
            "id": "rtbassoc-0abf3d10412a0c2fb",
            "region": "us-east-1"
          },
          "private": "eyJlMmJmYjczMC1lY2FhLTExZTYtOGY4OC0zNDM2M2JjN2M0YzAiOnsiY3JlYXRlIjozMDAwMDAwMDAwMDAsImRlbGV0ZSI6MzAwMDAwMDAwMDAwLCJ1cGRhdGUiOjEyMDAwMDAwMDAwMH19",
          "dependencies": [
            "module.vpc.aws_internet_gateway.this",
            "module.vpc.aws_route_table.public",
            "module.vpc.aws_subnet.public",
            "module.vpc.aws_vpc.this"
          ]
        }
      ]
    },
    {
      "module": "module.vpc",
      "mode": "managed",
      "type": "aws_subnet",
      "name": "private",
      "provider": "provider[\"registry.terraform.io/hashicorp/aws\"]",
      "instances": [
        {
          "index_key": 0,
          "schema_version": 1,
          "attributes": {
            "arn": "arn:aws:ec2:us-east-1:165756947575:subnet/subnet-00d4b79410bc89912",
            "assign_ipv6_address_on_creation": false,
            "availability_zone": "us-east-1a",
            "availability_zone_id": "use1-az1",
            "cidr_block": "10.0.101.0/24",
            "customer_owned_ipv4_pool": "",
            "enable_dns64": false,
            "enable_lni_at_device_index": 0,
            "enable_resource_name_dns_a_record_on_launch": false,
            "enable_resource_name_dns_aaaa_record_on_launch": false,
            "id": "subnet-00d4b79410bc89912",
            "ipv4_ipam_pool_id": null,
            "ipv4_netmask_length": null,
            "ipv6_cidr_block": "",
            "ipv6_cidr_block_association_id": "",
            "ipv6_ipam_pool_id": null,
            "ipv6_native": false,
            "ipv6_netmask_length": null,
            "map_customer_owned_ip_on_launch": false,
            "map_public_ip_on_launch": false,
            "outpost_arn": "",
            "owner_id": "165756947575",
            "private_dns_hostname_type_on_launch": "ip-name",
            "region": "us-east-1",
            "tags": {
              "Environment": "dev",
              "Name": "dev-private-1"
            },
            "tags_all": {
              "Environment": "dev",
              "Name": "dev-private-1"
            },
            "timeouts": null,
            "vpc_id": "vpc-0b028ac31238cc2e8"
          },
          "sensitive_attributes": [],
          "identity_schema_version": 0,
          "identity": {
            "account_id": "165756947575",
            "id": "subnet-00d4b79410bc89912",
            "region": "us-east-1"
          },
          "private": "eyJlMmJmYjczMC1lY2FhLTExZTYtOGY4OC0zNDM2M2JjN2M0YzAiOnsiY3JlYXRlIjo2MDAwMDAwMDAwMDAsImRlbGV0ZSI6MTIwMDAwMDAwMDAwMH0sInNjaGVtYV92ZXJzaW9uIjoiMSJ9",
          "dependencies": [
            "module.vpc.aws_vpc.this"
          ]
        },
        {
          "index_key": 1,
          "schema_version": 1,
          "attributes": {
            "arn": "arn:aws:ec2:us-east-1:165756947575:subnet/subnet-05620dcac18e0b05c",
            "assign_ipv6_address_on_creation": false,
            "availability_zone": "us-east-1b",
            "availability_zone_id": "use1-az2",
            "cidr_block": "10.0.102.0/24",
            "customer_owned_ipv4_pool": "",
            "enable_dns64": false,
            "enable_lni_at_device_index": 0,
            "enable_resource_name_dns_a_record_on_launch": false,
            "enable_resource_name_dns_aaaa_record_on_launch": false,
            "id": "subnet-05620dcac18e0b05c",
            "ipv4_ipam_pool_id": null,
            "ipv4_netmask_length": null,
            "ipv6_cidr_block": "",
            "ipv6_cidr_block_association_id": "",
            "ipv6_ipam_pool_id": null,
            "ipv6_native": false,
            "ipv6_netmask_length": null,
            "map_customer_owned_ip_on_launch": false,
            "map_public_ip_on_launch": false,
            "outpost_arn": "",
            "owner_id": "165756947575",
            "private_dns_hostname_type_on_launch": "ip-name",
            "region": "us-east-1",
            "tags": {
              "Environment": "dev",
              "Name": "dev-private-2"
            },
            "tags_all": {
              "Environment": "dev",
              "Name": "dev-private-2"
            },
            "timeouts": null,
            "vpc_id": "vpc-0b028ac31238cc2e8"
          },
          "sensitive_attributes": [],
          "identity_schema_version": 0,
          "identity": {
            "account_id": "165756947575",
            "id": "subnet-05620dcac18e0b05c",
            "region": "us-east-1"
          },
          "private": "eyJlMmJmYjczMC1lY2FhLTExZTYtOGY4OC0zNDM2M2JjN2M0YzAiOnsiY3JlYXRlIjo2MDAwMDAwMDAwMDAsImRlbGV0ZSI6MTIwMDAwMDAwMDAwMH0sInNjaGVtYV92ZXJzaW9uIjoiMSJ9",
          "dependencies": [
            "module.vpc.aws_vpc.this"
          ]
        }
      ]
    },
    {
      "module": "module.vpc",
      "mode": "managed",
      "type": "aws_subnet",
      "name": "public",
      "provider": "provider[\"registry.terraform.io/hashicorp/aws\"]",
      "instances": [
        {
          "index_key": 0,
          "schema_version": 1,
          "attributes": {
            "arn": "arn:aws:ec2:us-east-1:165756947575:subnet/subnet-0a4c802cc66ce1c1a",
            "assign_ipv6_address_on_creation": false,
            "availability_zone": "us-east-1a",
            "availability_zone_id": "use1-az1",
            "cidr_block": "10.0.1.0/24",
            "customer_owned_ipv4_pool": "",
            "enable_dns64": false,
            "enable_lni_at_device_index": 0,
            "enable_resource_name_dns_a_record_on_launch": false,
            "enable_resource_name_dns_aaaa_record_on_launch": false,
            "id": "subnet-0a4c802cc66ce1c1a",
            "ipv4_ipam_pool_id": null,
            "ipv4_netmask_length": null,
            "ipv6_cidr_block": "",
            "ipv6_cidr_block_association_id": "",
            "ipv6_ipam_pool_id": null,
            "ipv6_native": false,
            "ipv6_netmask_length": null,
            "map_customer_owned_ip_on_launch": false,
            "map_public_ip_on_launch": true,
            "outpost_arn": "",
            "owner_id": "165756947575",
            "private_dns_hostname_type_on_launch": "ip-name",
            "region": "us-east-1",
            "tags": {
              "Environment": "dev",
              "Name": "dev-public-1"
            },
            "tags_all": {
              "Environment": "dev",
              "Name": "dev-public-1"
            },
            "timeouts": null,
            "vpc_id": "vpc-0b028ac31238cc2e8"
          },
          "sensitive_attributes": [],
          "identity_schema_version": 0,
          "identity": {
            "account_id": "165756947575",
            "id": "subnet-0a4c802cc66ce1c1a",
            "region": "us-east-1"
          },
          "private": "eyJlMmJmYjczMC1lY2FhLTExZTYtOGY4OC0zNDM2M2JjN2M0YzAiOnsiY3JlYXRlIjo2MDAwMDAwMDAwMDAsImRlbGV0ZSI6MTIwMDAwMDAwMDAwMH0sInNjaGVtYV92ZXJzaW9uIjoiMSJ9",
          "dependencies": [
            "module.vpc.aws_vpc.this"
          ]
        },
        {
          "index_key": 1,
          "schema_version": 1,
          "attributes": {
            "arn": "arn:aws:ec2:us-east-1:165756947575:subnet/subnet-09160b6f9fece5a2f",
            "assign_ipv6_address_on_creation": false,
            "availability_zone": "us-east-1b",
            "availability_zone_id": "use1-az2",
            "cidr_block": "10.0.2.0/24",
            "customer_owned_ipv4_pool": "",
            "enable_dns64": false,
            "enable_lni_at_device_index": 0,
            "enable_resource_name_dns_a_record_on_launch": false,
            "enable_resource_name_dns_aaaa_record_on_launch": false,
            "id": "subnet-09160b6f9fece5a2f",
            "ipv4_ipam_pool_id": null,
            "ipv4_netmask_length": null,
            "ipv6_cidr_block": "",
            "ipv6_cidr_block_association_id": "",
            "ipv6_ipam_pool_id": null,
            "ipv6_native": false,
            "ipv6_netmask_length": null,
            "map_customer_owned_ip_on_launch": false,
            "map_public_ip_on_launch": true,
            "outpost_arn": "",
            "owner_id": "165756947575",
            "private_dns_hostname_type_on_launch": "ip-name",
            "region": "us-east-1",
            "tags": {
              "Environment": "dev",
              "Name": "dev-public-2"
            },
            "tags_all": {
              "Environment": "dev",
              "Name": "dev-public-2"
            },
            "timeouts": null,
            "vpc_id": "vpc-0b028ac31238cc2e8"
          },
          "sensitive_attributes": [],
          "identity_schema_version": 0,
          "identity": {
            "account_id": "165756947575",
            "id": "subnet-09160b6f9fece5a2f",
            "region": "us-east-1"
          },
          "private": "eyJlMmJmYjczMC1lY2FhLTExZTYtOGY4OC0zNDM2M2JjN2M0YzAiOnsiY3JlYXRlIjo2MDAwMDAwMDAwMDAsImRlbGV0ZSI6MTIwMDAwMDAwMDAwMH0sInNjaGVtYV92ZXJzaW9uIjoiMSJ9",
          "dependencies": [
            "module.vpc.aws_vpc.this"
          ]
        }
      ]
    },
    {
      "module": "module.vpc",
      "mode": "managed",
      "type": "aws_vpc",
      "name": "this",
      "provider": "provider[\"registry.terraform.io/hashicorp/aws\"]",
      "instances": [
        {
          "schema_version": 1,
          "attributes": {
            "arn": "arn:aws:ec2:us-east-1:165756947575:vpc/vpc-0b028ac31238cc2e8",
            "assign_generated_ipv6_cidr_block": false,
            "cidr_block": "10.0.0.0/16",
            "default_network_acl_id": "acl-023b6e295a45feb1e",
            "default_route_table_id": "rtb-09a71d848c431cf95",
            "default_security_group_id": "sg-0b7f8e788e891263b",
            "dhcp_options_id": "dopt-0e30685b166d2c148",
            "enable_dns_hostnames": true,
            "enable_dns_support": true,
            "enable_network_address_usage_metrics": false,
            "id": "vpc-0b028ac31238cc2e8",
            "instance_tenancy": "default",
            "ipv4_ipam_pool_id": null,
            "ipv4_netmask_length": null,
            "ipv6_association_id": "",
            "ipv6_cidr_block": "",
            "ipv6_cidr_block_network_border_group": "",
            "ipv6_ipam_pool_id": "",
            "ipv6_netmask_length": 0,
            "main_route_table_id": "rtb-09a71d848c431cf95",
            "owner_id": "165756947575",
            "region": "us-east-1",
            "tags": {
              "Environment": "dev",
              "Name": "dev-vpc"
            },
            "tags_all": {
              "Environment": "dev",
              "Name": "dev-vpc"
            }
          },
          "sensitive_attributes": [],
          "identity_schema_version": 0,
          "identity": {
            "account_id": "165756947575",
            "id": "vpc-0b028ac31238cc2e8",
            "region": "us-east-1"
          },
          "private": "eyJzY2hlbWFfdmVyc2lvbiI6IjEifQ=="
        }
      ]
    }
  ],
  "check_results": null
}
